// !$*UTF8*$!
{
	archiveVersion = 1;
	classes = {
	};
	objectVersion = 48;
	objects = {

/* Begin PBXBuildFile section */
		65BDEB9638BFB8FC734D1C9B /* Pods_seqayaPoc.framework in Frameworks */ = {isa = PBXBuildFile; fileRef = E320B87FD8D5661E72543BAD /* Pods_seqayaPoc.framework */; settings = {ATTRIBUTES = (Required, ); }; };
		6FED8B252068F75D00BE3D29 /* AppDelegate.swift in Sources */ = {isa = PBXBuildFile; fileRef = 6FED8B242068F75D00BE3D29 /* AppDelegate.swift */; };
		6FED8B272068F75D00BE3D29 /* ViewController.swift in Sources */ = {isa = PBXBuildFile; fileRef = 6FED8B262068F75D00BE3D29 /* ViewController.swift */; };
		6FED8B2A2068F75D00BE3D29 /* Main.storyboard in Resources */ = {isa = PBXBuildFile; fileRef = 6FED8B282068F75D00BE3D29 /* Main.storyboard */; };
		6FED8B2C2068F75D00BE3D29 /* Assets.xcassets in Resources */ = {isa = PBXBuildFile; fileRef = 6FED8B2B2068F75D00BE3D29 /* Assets.xcassets */; };
		6FED8B2F2068F75D00BE3D29 /* LaunchScreen.storyboard in Resources */ = {isa = PBXBuildFile; fileRef = 6FED8B2D2068F75D00BE3D29 /* LaunchScreen.storyboard */; };
		6FED8B3B2068FB7900BE3D29 /* CheckOutViewController.swift in Sources */ = {isa = PBXBuildFile; fileRef = 6FED8B3A2068FB7900BE3D29 /* CheckOutViewController.swift */; };
		6FED8B3D2068FB8C00BE3D29 /* CheckOutStoryboard.storyboard in Resources */ = {isa = PBXBuildFile; fileRef = 6FED8B3C2068FB8C00BE3D29 /* CheckOutStoryboard.storyboard */; };
		6FED8B402068FCA000BE3D29 /* CheakOutProduct.swift in Sources */ = {isa = PBXBuildFile; fileRef = 6FED8B3F2068FCA000BE3D29 /* CheakOutProduct.swift */; };
		6FED8B442068FCF300BE3D29 /* CatlogCell.swift in Sources */ = {isa = PBXBuildFile; fileRef = 6FED8B432068FCF300BE3D29 /* CatlogCell.swift */; };
		AC0179652075164000EFB26C /* OrderSummaryPresenter.swift in Sources */ = {isa = PBXBuildFile; fileRef = AC0179642075164000EFB26C /* OrderSummaryPresenter.swift */; };
		AC01796720751D0300EFB26C /* GetPlacedOrderUseCase.swift in Sources */ = {isa = PBXBuildFile; fileRef = AC01796620751D0300EFB26C /* GetPlacedOrderUseCase.swift */; };
		AC01796920751D2D00EFB26C /* GetPlacedOrderUseCaseProtocol.swift in Sources */ = {isa = PBXBuildFile; fileRef = AC01796820751D2D00EFB26C /* GetPlacedOrderUseCaseProtocol.swift */; };
		AC01796C20751E1D00EFB26C /* OrderSummaryRepositoryProtocol.swift in Sources */ = {isa = PBXBuildFile; fileRef = AC01796B20751E1D00EFB26C /* OrderSummaryRepositoryProtocol.swift */; };
		AC01796E20751E6000EFB26C /* OrderSummaryRepository.swift in Sources */ = {isa = PBXBuildFile; fileRef = AC01796D20751E6000EFB26C /* OrderSummaryRepository.swift */; };
		AC4F0158207D2A7300C13C3B /* LocationRepositoryProtocol.swift in Sources */ = {isa = PBXBuildFile; fileRef = AC4F0157207D2A7300C13C3B /* LocationRepositoryProtocol.swift */; };
		AC5F9ECE2074EED9003B04BC /* OrderSummaryPresenterProtocol.swift in Sources */ = {isa = PBXBuildFile; fileRef = AC5F9ECD2074EED9003B04BC /* OrderSummaryPresenterProtocol.swift */; };
		AC5F9ED220750FEE003B04BC /* OrderSummaryViewProtocol.swift in Sources */ = {isa = PBXBuildFile; fileRef = AC5F9ED120750FEE003B04BC /* OrderSummaryViewProtocol.swift */; };
		AC79BB0A206EF8FD001D7B7F /* success.json in Resources */ = {isa = PBXBuildFile; fileRef = AC79BB09206EF8FD001D7B7F /* success.json */; };
		AC79BB0F206F0317001D7B7F /* ValidationHelpers.swift in Sources */ = {isa = PBXBuildFile; fileRef = AC79BB0E206F0317001D7B7F /* ValidationHelpers.swift */; };
		AC79BB16206F2708001D7B7F /* SettingsVC.swift in Sources */ = {isa = PBXBuildFile; fileRef = AC79BB15206F2708001D7B7F /* SettingsVC.swift */; };
		AC79BB17206F28B0001D7B7F /* Settings.storyboard in Resources */ = {isa = PBXBuildFile; fileRef = AC79BB0D206F015C001D7B7F /* Settings.storyboard */; };
		AC79BB19206F3657001D7B7F /* OrderItemsSingelton.swift in Sources */ = {isa = PBXBuildFile; fileRef = AC79BB18206F3657001D7B7F /* OrderItemsSingelton.swift */; };
		AC80C4762072537E00C8BAD3 /* Login.storyboard in Resources */ = {isa = PBXBuildFile; fileRef = AC80C4752072527000C8BAD3 /* Login.storyboard */; };
		AC80C47920725D2500C8BAD3 /* FavProductViewController.swift in Sources */ = {isa = PBXBuildFile; fileRef = AC80C47820725D2500C8BAD3 /* FavProductViewController.swift */; };
		AC80C47E20725DCB00C8BAD3 /* CatalogFavButtonDelegate.swift in Sources */ = {isa = PBXBuildFile; fileRef = AC80C47B20725DCB00C8BAD3 /* CatalogFavButtonDelegate.swift */; };
		AC80C47F20725DCB00C8BAD3 /* ProductCounterDelegate.swift in Sources */ = {isa = PBXBuildFile; fileRef = AC80C47C20725DCB00C8BAD3 /* ProductCounterDelegate.swift */; };
		AC80C48020725DCB00C8BAD3 /* ProductFavouriteDelegate.swift in Sources */ = {isa = PBXBuildFile; fileRef = AC80C47D20725DCB00C8BAD3 /* ProductFavouriteDelegate.swift */; };
		AC818D1720761E0500D60D3B /* ServiceLocator.swift in Sources */ = {isa = PBXBuildFile; fileRef = AC818D1620761E0500D60D3B /* ServiceLocator.swift */; };
		AC818D20207660AC00D60D3B /* OrderHistoryMainProtocol.swift in Sources */ = {isa = PBXBuildFile; fileRef = AC818D1F207660AC00D60D3B /* OrderHistoryMainProtocol.swift */; };
		AC818D222076610200D60D3B /* OrderHistoryDetailProtocol.swift in Sources */ = {isa = PBXBuildFile; fileRef = AC818D212076610200D60D3B /* OrderHistoryDetailProtocol.swift */; };
		AC818D252076615800D60D3B /* OrderHistoryMainPresenterProtocol.swift in Sources */ = {isa = PBXBuildFile; fileRef = AC818D242076615800D60D3B /* OrderHistoryMainPresenterProtocol.swift */; };
		AC818D272076620500D60D3B /* OrderHistoryMainPresenter.swift in Sources */ = {isa = PBXBuildFile; fileRef = AC818D262076620500D60D3B /* OrderHistoryMainPresenter.swift */; };
		AC818D2B2076643000D60D3B /* OrderHistoryRepositoryProtocol.swift in Sources */ = {isa = PBXBuildFile; fileRef = AC818D2A2076643000D60D3B /* OrderHistoryRepositoryProtocol.swift */; };
		AC818D2D2076644200D60D3B /* OrderHistoryRepository.swift in Sources */ = {isa = PBXBuildFile; fileRef = AC818D2C2076644200D60D3B /* OrderHistoryRepository.swift */; };
		AC818D2F2076656E00D60D3B /* HistoryNetworkProtocol.swift in Sources */ = {isa = PBXBuildFile; fileRef = AC818D2E2076656E00D60D3B /* HistoryNetworkProtocol.swift */; };
		AC818D332076665800D60D3B /* GetOrderHistoryUCProtocol.swift in Sources */ = {isa = PBXBuildFile; fileRef = AC818D322076665800D60D3B /* GetOrderHistoryUCProtocol.swift */; };
		AC818D3720766D4D00D60D3B /* GetOrderHistoryUseCase.swift in Sources */ = {isa = PBXBuildFile; fileRef = AC818D3620766D4D00D60D3B /* GetOrderHistoryUseCase.swift */; };
		EC06C5622069123600D6BFEA /* DeliveryLocationVC.swift in Sources */ = {isa = PBXBuildFile; fileRef = EC06C5612069123600D6BFEA /* DeliveryLocationVC.swift */; };
		EC06C564206924B000D6BFEA /* DeliveryLocationSB.storyboard in Resources */ = {isa = PBXBuildFile; fileRef = EC06C563206924B000D6BFEA /* DeliveryLocationSB.storyboard */; };
		EC06C5662069286700D6BFEA /* LocationSearchTable.swift in Sources */ = {isa = PBXBuildFile; fileRef = EC06C5652069286700D6BFEA /* LocationSearchTable.swift */; };
		EC06C5682069523F00D6BFEA /* HandleMapSearchProtocol.swift in Sources */ = {isa = PBXBuildFile; fileRef = EC06C5672069523F00D6BFEA /* HandleMapSearchProtocol.swift */; };
		EC32AA85206BCBD6001F427B /* LoginController.swift in Sources */ = {isa = PBXBuildFile; fileRef = D217D9CA20693A6300D1EC6E /* LoginController.swift */; };
		EC32AA87206BCEFC001F427B /* UserModel.swift in Sources */ = {isa = PBXBuildFile; fileRef = EC32AA86206BCEFC001F427B /* UserModel.swift */; };
		EC32AA88206BD329001F427B /* RegisterViewController.swift in Sources */ = {isa = PBXBuildFile; fileRef = 6A9AFADD20691EB000191713 /* RegisterViewController.swift */; };
		EC32AA89206BDB02001F427B /* Register.storyboard in Resources */ = {isa = PBXBuildFile; fileRef = 6A9AFADF2069261E00191713 /* Register.storyboard */; };
		EC32AA8A206BDEEE001F427B /* CatalogViewController.swift in Sources */ = {isa = PBXBuildFile; fileRef = FBFABF9C206A5536002F7701 /* CatalogViewController.swift */; };
		EC32E2C620761687003937EE /* CreateNewLocationUseCase.swift in Sources */ = {isa = PBXBuildFile; fileRef = EC32E2C220761686003937EE /* CreateNewLocationUseCase.swift */; };
		EC32E2C720761687003937EE /* GetSavedLocationUseCase.swift in Sources */ = {isa = PBXBuildFile; fileRef = EC32E2C320761686003937EE /* GetSavedLocationUseCase.swift */; };
		EC32E2C820761687003937EE /* GetSavedLocationUseCaseProtocol.swift in Sources */ = {isa = PBXBuildFile; fileRef = EC32E2C420761686003937EE /* GetSavedLocationUseCaseProtocol.swift */; };
		EC32E2CA2076169C003937EE /* SavedLocation.swift in Sources */ = {isa = PBXBuildFile; fileRef = EC32E2C92076169B003937EE /* SavedLocation.swift */; };
		EC32E2CC207616B0003937EE /* LocationRepositoryProtocol.swift in Sources */ = {isa = PBXBuildFile; fileRef = EC32E2CB207616B0003937EE /* LocationRepositoryProtocol.swift */; };
		EC32E2D220761782003937EE /* LocationRepository.swift in Sources */ = {isa = PBXBuildFile; fileRef = EC32E2D120761782003937EE /* LocationRepository.swift */; };
		EC32E2D6207617A7003937EE /* AlamaofireClient.swift in Sources */ = {isa = PBXBuildFile; fileRef = EC32E2D3207617A6003937EE /* AlamaofireClient.swift */; };
		EC32E2D7207617A7003937EE /* SavedLocationNetwork.swift in Sources */ = {isa = PBXBuildFile; fileRef = EC32E2D4207617A6003937EE /* SavedLocationNetwork.swift */; };
		EC32E2D8207617A7003937EE /* ApiConstants.swift in Sources */ = {isa = PBXBuildFile; fileRef = EC32E2D5207617A7003937EE /* ApiConstants.swift */; };
		EC32E2DD20761BC6003937EE /* DelivaryLocationPresenter.swift in Sources */ = {isa = PBXBuildFile; fileRef = EC32E2DB20761BC5003937EE /* DelivaryLocationPresenter.swift */; };
		EC32E2DE20761BC6003937EE /* DelivaryLocationPresenterProtocol.swift in Sources */ = {isa = PBXBuildFile; fileRef = EC32E2DC20761BC5003937EE /* DelivaryLocationPresenterProtocol.swift */; };
		EC32E2E020761C51003937EE /* DelivaryLocationVcProtocol.swift in Sources */ = {isa = PBXBuildFile; fileRef = EC32E2DF20761C50003937EE /* DelivaryLocationVcProtocol.swift */; };
		EC3B4753206A5B4200F5A8BF /* SavedLocationModel.swift in Sources */ = {isa = PBXBuildFile; fileRef = EC3B4752206A5B4200F5A8BF /* SavedLocationModel.swift */; };
		ECB5F2AB206BE01300C239B7 /* OrderItem.swift in Sources */ = {isa = PBXBuildFile; fileRef = ECB5F2AA206BE01300C239B7 /* OrderItem.swift */; };
		ECB5F2AD206BE06E00C239B7 /* RKNotificationHub.swift in Sources */ = {isa = PBXBuildFile; fileRef = ECB5F2AC206BE06E00C239B7 /* RKNotificationHub.swift */; };
		ECB5F2AF206BE53E00C239B7 /* OrderHistory.swift in Sources */ = {isa = PBXBuildFile; fileRef = ECB5F2AE206BE53E00C239B7 /* OrderHistory.swift */; };
		ECB5F2B1206BE67A00C239B7 /* CheckOutCell.swift in Sources */ = {isa = PBXBuildFile; fileRef = ECB5F2B0206BE67A00C239B7 /* CheckOutCell.swift */; };
		ECB5F2BA206BEE1E00C239B7 /* DateTimePayement.storyboard in Resources */ = {isa = PBXBuildFile; fileRef = ECB5F2B6206BEE1E00C239B7 /* DateTimePayement.storyboard */; };
		ECB5F2BB206BEE1E00C239B7 /* DateTimeViewController.swift in Sources */ = {isa = PBXBuildFile; fileRef = ECB5F2B7206BEE1E00C239B7 /* DateTimeViewController.swift */; };
		ECB5F2BC206BEE1E00C239B7 /* PaymentTableViewCell.swift in Sources */ = {isa = PBXBuildFile; fileRef = ECB5F2B8206BEE1E00C239B7 /* PaymentTableViewCell.swift */; };
		ECB5F2BD206BEE1E00C239B7 /* PaymentViewController.swift in Sources */ = {isa = PBXBuildFile; fileRef = ECB5F2B9206BEE1E00C239B7 /* PaymentViewController.swift */; };
		ECB5F2CB206BFD3900C239B7 /* HistoryMainCell.swift in Sources */ = {isa = PBXBuildFile; fileRef = ECB5F2C7206BFD3800C239B7 /* HistoryMainCell.swift */; };
		ECB5F2CC206BFD3900C239B7 /* OrderHistoryDetailVC.swift in Sources */ = {isa = PBXBuildFile; fileRef = ECB5F2C8206BFD3800C239B7 /* OrderHistoryDetailVC.swift */; };
		ECB5F2CD206BFD3900C239B7 /* OrderHistoryMainVC.swift in Sources */ = {isa = PBXBuildFile; fileRef = ECB5F2C9206BFD3800C239B7 /* OrderHistoryMainVC.swift */; };
		ECB5F2CE206BFD3900C239B7 /* OrderHistory.storyboard in Resources */ = {isa = PBXBuildFile; fileRef = ECB5F2CA206BFD3800C239B7 /* OrderHistory.storyboard */; };
		ECB5F2D1206BFDC400C239B7 /* SummaryNetwork.swift in Sources */ = {isa = PBXBuildFile; fileRef = ECB5F2CF206BFDC300C239B7 /* SummaryNetwork.swift */; };
		ECB5F2D2206BFDC400C239B7 /* HistoryNetwork.swift in Sources */ = {isa = PBXBuildFile; fileRef = ECB5F2D0206BFDC400C239B7 /* HistoryNetwork.swift */; };
		ECB5F2DB206BFE5F00C239B7 /* OrderSummaryVC.swift in Sources */ = {isa = PBXBuildFile; fileRef = ECB5F2D6206BFE5E00C239B7 /* OrderSummaryVC.swift */; };
		ECB5F2DD206BFE5F00C239B7 /* ProductSummaryCellVC.swift in Sources */ = {isa = PBXBuildFile; fileRef = ECB5F2D8206BFE5F00C239B7 /* ProductSummaryCellVC.swift */; };
		ECB5F2DE206BFE5F00C239B7 /* ProductSummaryCellVC.xib in Resources */ = {isa = PBXBuildFile; fileRef = ECB5F2D9206BFE5F00C239B7 /* ProductSummaryCellVC.xib */; };
		ECB5F2DF206BFE5F00C239B7 /* Productary.xib in Resources */ = {isa = PBXBuildFile; fileRef = ECB5F2DA206BFE5F00C239B7 /* Productary.xib */; };
		ECB5F2E1206C030100C239B7 /* OrderSummary.storyboard in Resources */ = {isa = PBXBuildFile; fileRef = ECB5F2E0206C030100C239B7 /* OrderSummary.storyboard */; };
		ECDCB64D206CC0B7005B173D /* Payment.swift in Sources */ = {isa = PBXBuildFile; fileRef = ECDCB64C206CC0B7005B173D /* Payment.swift */; };
		FB7BD997206D1F4600BE55DD /* OrderNetwork.swift in Sources */ = {isa = PBXBuildFile; fileRef = FB7BD996206D1F4600BE55DD /* OrderNetwork.swift */; };
		FB7BD999206D2AE600BE55DD /* MyProductCellView.xib in Resources */ = {isa = PBXBuildFile; fileRef = FB7BD998206D2AE600BE55DD /* MyProductCellView.xib */; };
		FBBD513E206EC702008B55A1 /* UIViewControllerExtension.swift in Sources */ = {isa = PBXBuildFile; fileRef = FBBD513D206EC702008B55A1 /* UIViewControllerExtension.swift */; };
		FBFABF9E206A5536002F7701 /* ProductCellView.xib in Resources */ = {isa = PBXBuildFile; fileRef = FBFABF98206A5535002F7701 /* ProductCellView.xib */; };
		FBFABF9F206A5536002F7701 /* ProductCellViewV2.xib in Resources */ = {isa = PBXBuildFile; fileRef = FBFABF99206A5535002F7701 /* ProductCellViewV2.xib */; };
		FBFABFA0206A5536002F7701 /* Catalog.storyboard in Resources */ = {isa = PBXBuildFile; fileRef = FBFABF9A206A5535002F7701 /* Catalog.storyboard */; };
		FBFABFA1206A5536002F7701 /* ProductCellView.swift in Sources */ = {isa = PBXBuildFile; fileRef = FBFABF9B206A5536002F7701 /* ProductCellView.swift */; };
		FBFABFA4206A55C9002F7701 /* Product.swift in Sources */ = {isa = PBXBuildFile; fileRef = FBFABFA3206A55C9002F7701 /* Product.swift */; };
		FBFABFA6206A55F0002F7701 /* UIHelper.swift in Sources */ = {isa = PBXBuildFile; fileRef = FBFABFA5206A55F0002F7701 /* UIHelper.swift */; };
		FBFABFA9206A6D22002F7701 /* ProductNetwork.swift in Sources */ = {isa = PBXBuildFile; fileRef = FBFABFA8206A6D22002F7701 /* ProductNetwork.swift */; };
		FBFABFAC206A717B002F7701 /* CartItem.swift in Sources */ = {isa = PBXBuildFile; fileRef = FBFABFAB206A717B002F7701 /* CartItem.swift */; };
/* End PBXBuildFile section */

/* Begin PBXFileReference section */
		24EF6CD74BEDD8A3C28C930D /* Pods-seqayaPoc.release.xcconfig */ = {isa = PBXFileReference; includeInIndex = 1; lastKnownFileType = text.xcconfig; name = "Pods-seqayaPoc.release.xcconfig"; path = "Pods/Target Support Files/Pods-seqayaPoc/Pods-seqayaPoc.release.xcconfig"; sourceTree = "<group>"; };
		6A9AFADD20691EB000191713 /* RegisterViewController.swift */ = {isa = PBXFileReference; lastKnownFileType = sourcecode.swift; path = RegisterViewController.swift; sourceTree = "<group>"; };
		6A9AFADF2069261E00191713 /* Register.storyboard */ = {isa = PBXFileReference; lastKnownFileType = file.storyboard; path = Register.storyboard; sourceTree = "<group>"; };
		6FED8B212068F75D00BE3D29 /* seqayaPoc.app */ = {isa = PBXFileReference; explicitFileType = wrapper.application; includeInIndex = 0; path = seqayaPoc.app; sourceTree = BUILT_PRODUCTS_DIR; };
		6FED8B242068F75D00BE3D29 /* AppDelegate.swift */ = {isa = PBXFileReference; lastKnownFileType = sourcecode.swift; path = AppDelegate.swift; sourceTree = "<group>"; };
		6FED8B262068F75D00BE3D29 /* ViewController.swift */ = {isa = PBXFileReference; lastKnownFileType = sourcecode.swift; path = ViewController.swift; sourceTree = "<group>"; };
		6FED8B292068F75D00BE3D29 /* Base */ = {isa = PBXFileReference; lastKnownFileType = file.storyboard; name = Base; path = Base.lproj/Main.storyboard; sourceTree = "<group>"; };
		6FED8B2B2068F75D00BE3D29 /* Assets.xcassets */ = {isa = PBXFileReference; lastKnownFileType = folder.assetcatalog; path = Assets.xcassets; sourceTree = "<group>"; };
		6FED8B2E2068F75D00BE3D29 /* Base */ = {isa = PBXFileReference; lastKnownFileType = file.storyboard; name = Base; path = Base.lproj/LaunchScreen.storyboard; sourceTree = "<group>"; };
		6FED8B302068F75D00BE3D29 /* Info.plist */ = {isa = PBXFileReference; lastKnownFileType = text.plist.xml; path = Info.plist; sourceTree = "<group>"; };
		6FED8B3A2068FB7900BE3D29 /* CheckOutViewController.swift */ = {isa = PBXFileReference; lastKnownFileType = sourcecode.swift; path = CheckOutViewController.swift; sourceTree = "<group>"; };
		6FED8B3C2068FB8C00BE3D29 /* CheckOutStoryboard.storyboard */ = {isa = PBXFileReference; lastKnownFileType = file.storyboard; path = CheckOutStoryboard.storyboard; sourceTree = "<group>"; };
		6FED8B3F2068FCA000BE3D29 /* CheakOutProduct.swift */ = {isa = PBXFileReference; lastKnownFileType = sourcecode.swift; path = CheakOutProduct.swift; sourceTree = "<group>"; };
		6FED8B432068FCF300BE3D29 /* CatlogCell.swift */ = {isa = PBXFileReference; lastKnownFileType = sourcecode.swift; path = CatlogCell.swift; sourceTree = "<group>"; };
		AC0179642075164000EFB26C /* OrderSummaryPresenter.swift */ = {isa = PBXFileReference; lastKnownFileType = sourcecode.swift; path = OrderSummaryPresenter.swift; sourceTree = "<group>"; };
		AC01796620751D0300EFB26C /* GetPlacedOrderUseCase.swift */ = {isa = PBXFileReference; lastKnownFileType = sourcecode.swift; path = GetPlacedOrderUseCase.swift; sourceTree = "<group>"; };
		AC01796820751D2D00EFB26C /* GetPlacedOrderUseCaseProtocol.swift */ = {isa = PBXFileReference; lastKnownFileType = sourcecode.swift; path = GetPlacedOrderUseCaseProtocol.swift; sourceTree = "<group>"; };
		AC01796B20751E1D00EFB26C /* OrderSummaryRepositoryProtocol.swift */ = {isa = PBXFileReference; lastKnownFileType = sourcecode.swift; path = OrderSummaryRepositoryProtocol.swift; sourceTree = "<group>"; };
		AC01796D20751E6000EFB26C /* OrderSummaryRepository.swift */ = {isa = PBXFileReference; lastKnownFileType = sourcecode.swift; path = OrderSummaryRepository.swift; sourceTree = "<group>"; };
		AC4F0157207D2A7300C13C3B /* LocationRepositoryProtocol.swift */ = {isa = PBXFileReference; fileEncoding = 4; lastKnownFileType = sourcecode.swift; path = LocationRepositoryProtocol.swift; sourceTree = "<group>"; };
		AC5F9ECD2074EED9003B04BC /* OrderSummaryPresenterProtocol.swift */ = {isa = PBXFileReference; lastKnownFileType = sourcecode.swift; path = OrderSummaryPresenterProtocol.swift; sourceTree = "<group>"; };
		AC5F9ED120750FEE003B04BC /* OrderSummaryViewProtocol.swift */ = {isa = PBXFileReference; lastKnownFileType = sourcecode.swift; path = OrderSummaryViewProtocol.swift; sourceTree = "<group>"; };
		AC79BB09206EF8FD001D7B7F /* success.json */ = {isa = PBXFileReference; fileEncoding = 4; lastKnownFileType = text.json; path = success.json; sourceTree = "<group>"; };
		AC79BB0D206F015C001D7B7F /* Settings.storyboard */ = {isa = PBXFileReference; lastKnownFileType = file.storyboard; path = Settings.storyboard; sourceTree = "<group>"; };
		AC79BB0E206F0317001D7B7F /* ValidationHelpers.swift */ = {isa = PBXFileReference; lastKnownFileType = sourcecode.swift; path = ValidationHelpers.swift; sourceTree = "<group>"; };
		AC79BB15206F2708001D7B7F /* SettingsVC.swift */ = {isa = PBXFileReference; lastKnownFileType = sourcecode.swift; path = SettingsVC.swift; sourceTree = "<group>"; };
		AC79BB18206F3657001D7B7F /* OrderItemsSingelton.swift */ = {isa = PBXFileReference; lastKnownFileType = sourcecode.swift; path = OrderItemsSingelton.swift; sourceTree = "<group>"; };
		AC80C4752072527000C8BAD3 /* Login.storyboard */ = {isa = PBXFileReference; lastKnownFileType = file.storyboard; path = Login.storyboard; sourceTree = "<group>"; };
		AC80C47820725D2500C8BAD3 /* FavProductViewController.swift */ = {isa = PBXFileReference; fileEncoding = 4; lastKnownFileType = sourcecode.swift; path = FavProductViewController.swift; sourceTree = "<group>"; };
		AC80C47B20725DCB00C8BAD3 /* CatalogFavButtonDelegate.swift */ = {isa = PBXFileReference; fileEncoding = 4; lastKnownFileType = sourcecode.swift; path = CatalogFavButtonDelegate.swift; sourceTree = "<group>"; };
		AC80C47C20725DCB00C8BAD3 /* ProductCounterDelegate.swift */ = {isa = PBXFileReference; fileEncoding = 4; lastKnownFileType = sourcecode.swift; path = ProductCounterDelegate.swift; sourceTree = "<group>"; };
		AC80C47D20725DCB00C8BAD3 /* ProductFavouriteDelegate.swift */ = {isa = PBXFileReference; fileEncoding = 4; lastKnownFileType = sourcecode.swift; path = ProductFavouriteDelegate.swift; sourceTree = "<group>"; };
		AC818D1620761E0500D60D3B /* ServiceLocator.swift */ = {isa = PBXFileReference; lastKnownFileType = sourcecode.swift; path = ServiceLocator.swift; sourceTree = "<group>"; };
		AC818D1F207660AC00D60D3B /* OrderHistoryMainProtocol.swift */ = {isa = PBXFileReference; lastKnownFileType = sourcecode.swift; path = OrderHistoryMainProtocol.swift; sourceTree = "<group>"; };
		AC818D212076610200D60D3B /* OrderHistoryDetailProtocol.swift */ = {isa = PBXFileReference; lastKnownFileType = sourcecode.swift; path = OrderHistoryDetailProtocol.swift; sourceTree = "<group>"; };
		AC818D242076615800D60D3B /* OrderHistoryMainPresenterProtocol.swift */ = {isa = PBXFileReference; lastKnownFileType = sourcecode.swift; path = OrderHistoryMainPresenterProtocol.swift; sourceTree = "<group>"; };
		AC818D262076620500D60D3B /* OrderHistoryMainPresenter.swift */ = {isa = PBXFileReference; lastKnownFileType = sourcecode.swift; path = OrderHistoryMainPresenter.swift; sourceTree = "<group>"; };
		AC818D2A2076643000D60D3B /* OrderHistoryRepositoryProtocol.swift */ = {isa = PBXFileReference; lastKnownFileType = sourcecode.swift; path = OrderHistoryRepositoryProtocol.swift; sourceTree = "<group>"; };
		AC818D2C2076644200D60D3B /* OrderHistoryRepository.swift */ = {isa = PBXFileReference; lastKnownFileType = sourcecode.swift; path = OrderHistoryRepository.swift; sourceTree = "<group>"; };
		AC818D2E2076656E00D60D3B /* HistoryNetworkProtocol.swift */ = {isa = PBXFileReference; lastKnownFileType = sourcecode.swift; path = HistoryNetworkProtocol.swift; sourceTree = "<group>"; };
		AC818D322076665800D60D3B /* GetOrderHistoryUCProtocol.swift */ = {isa = PBXFileReference; lastKnownFileType = sourcecode.swift; path = GetOrderHistoryUCProtocol.swift; sourceTree = "<group>"; };
		AC818D3620766D4D00D60D3B /* GetOrderHistoryUseCase.swift */ = {isa = PBXFileReference; lastKnownFileType = sourcecode.swift; path = GetOrderHistoryUseCase.swift; sourceTree = "<group>"; };
		C71D3DA4DB76C81C5D15DD8C /* Pods-seqayaPoc.debug.xcconfig */ = {isa = PBXFileReference; includeInIndex = 1; lastKnownFileType = text.xcconfig; name = "Pods-seqayaPoc.debug.xcconfig"; path = "Pods/Target Support Files/Pods-seqayaPoc/Pods-seqayaPoc.debug.xcconfig"; sourceTree = "<group>"; };
		D217D9CA20693A6300D1EC6E /* LoginController.swift */ = {isa = PBXFileReference; lastKnownFileType = sourcecode.swift; path = LoginController.swift; sourceTree = "<group>"; };
		E320B87FD8D5661E72543BAD /* Pods_seqayaPoc.framework */ = {isa = PBXFileReference; explicitFileType = wrapper.framework; includeInIndex = 0; path = Pods_seqayaPoc.framework; sourceTree = BUILT_PRODUCTS_DIR; };
		EC06C5612069123600D6BFEA /* DeliveryLocationVC.swift */ = {isa = PBXFileReference; lastKnownFileType = sourcecode.swift; path = DeliveryLocationVC.swift; sourceTree = "<group>"; };
		EC06C563206924B000D6BFEA /* DeliveryLocationSB.storyboard */ = {isa = PBXFileReference; lastKnownFileType = file.storyboard; path = DeliveryLocationSB.storyboard; sourceTree = "<group>"; };
		EC06C5652069286700D6BFEA /* LocationSearchTable.swift */ = {isa = PBXFileReference; lastKnownFileType = sourcecode.swift; path = LocationSearchTable.swift; sourceTree = "<group>"; };
		EC06C5672069523F00D6BFEA /* HandleMapSearchProtocol.swift */ = {isa = PBXFileReference; lastKnownFileType = sourcecode.swift; path = HandleMapSearchProtocol.swift; sourceTree = "<group>"; };
		EC32AA86206BCEFC001F427B /* UserModel.swift */ = {isa = PBXFileReference; lastKnownFileType = sourcecode.swift; path = UserModel.swift; sourceTree = "<group>"; };
		EC32E2C220761686003937EE /* CreateNewLocationUseCase.swift */ = {isa = PBXFileReference; fileEncoding = 4; lastKnownFileType = sourcecode.swift; path = CreateNewLocationUseCase.swift; sourceTree = "<group>"; };
		EC32E2C320761686003937EE /* GetSavedLocationUseCase.swift */ = {isa = PBXFileReference; fileEncoding = 4; lastKnownFileType = sourcecode.swift; path = GetSavedLocationUseCase.swift; sourceTree = "<group>"; };
		EC32E2C420761686003937EE /* GetSavedLocationUseCaseProtocol.swift */ = {isa = PBXFileReference; fileEncoding = 4; lastKnownFileType = sourcecode.swift; path = GetSavedLocationUseCaseProtocol.swift; sourceTree = "<group>"; };
		EC32E2C92076169B003937EE /* SavedLocation.swift */ = {isa = PBXFileReference; fileEncoding = 4; lastKnownFileType = sourcecode.swift; path = SavedLocation.swift; sourceTree = "<group>"; };
		EC32E2CB207616B0003937EE /* LocationRepositoryProtocol.swift */ = {isa = PBXFileReference; fileEncoding = 4; lastKnownFileType = sourcecode.swift; path = LocationRepositoryProtocol.swift; sourceTree = "<group>"; };
		EC32E2D120761782003937EE /* LocationRepository.swift */ = {isa = PBXFileReference; fileEncoding = 4; lastKnownFileType = sourcecode.swift; path = LocationRepository.swift; sourceTree = "<group>"; };
		EC32E2D3207617A6003937EE /* AlamaofireClient.swift */ = {isa = PBXFileReference; fileEncoding = 4; lastKnownFileType = sourcecode.swift; path = AlamaofireClient.swift; sourceTree = "<group>"; };
		EC32E2D4207617A6003937EE /* SavedLocationNetwork.swift */ = {isa = PBXFileReference; fileEncoding = 4; lastKnownFileType = sourcecode.swift; path = SavedLocationNetwork.swift; sourceTree = "<group>"; };
		EC32E2D5207617A7003937EE /* ApiConstants.swift */ = {isa = PBXFileReference; fileEncoding = 4; lastKnownFileType = sourcecode.swift; path = ApiConstants.swift; sourceTree = "<group>"; };
		EC32E2DB20761BC5003937EE /* DelivaryLocationPresenter.swift */ = {isa = PBXFileReference; fileEncoding = 4; lastKnownFileType = sourcecode.swift; path = DelivaryLocationPresenter.swift; sourceTree = "<group>"; };
		EC32E2DC20761BC5003937EE /* DelivaryLocationPresenterProtocol.swift */ = {isa = PBXFileReference; fileEncoding = 4; lastKnownFileType = sourcecode.swift; path = DelivaryLocationPresenterProtocol.swift; sourceTree = "<group>"; };
		EC32E2DF20761C50003937EE /* DelivaryLocationVcProtocol.swift */ = {isa = PBXFileReference; lastKnownFileType = sourcecode.swift; name = DelivaryLocationVcProtocol.swift; path = "/Users/admin101/Desktop/NTGSeqaya/seqaya-ios/Presentation/DelivaryLocation/DelivaryLocationVcProtocol.swift"; sourceTree = "<absolute>"; };
		EC3B4752206A5B4200F5A8BF /* SavedLocationModel.swift */ = {isa = PBXFileReference; lastKnownFileType = sourcecode.swift; path = SavedLocationModel.swift; sourceTree = "<group>"; };
		ECB5F2AA206BE01300C239B7 /* OrderItem.swift */ = {isa = PBXFileReference; lastKnownFileType = sourcecode.swift; path = OrderItem.swift; sourceTree = "<group>"; };
		ECB5F2AC206BE06E00C239B7 /* RKNotificationHub.swift */ = {isa = PBXFileReference; lastKnownFileType = sourcecode.swift; path = RKNotificationHub.swift; sourceTree = "<group>"; };
		ECB5F2AE206BE53E00C239B7 /* OrderHistory.swift */ = {isa = PBXFileReference; lastKnownFileType = sourcecode.swift; path = OrderHistory.swift; sourceTree = "<group>"; };
		ECB5F2B0206BE67A00C239B7 /* CheckOutCell.swift */ = {isa = PBXFileReference; fileEncoding = 4; lastKnownFileType = sourcecode.swift; path = CheckOutCell.swift; sourceTree = "<group>"; };
		ECB5F2B6206BEE1E00C239B7 /* DateTimePayement.storyboard */ = {isa = PBXFileReference; fileEncoding = 4; lastKnownFileType = file.storyboard; path = DateTimePayement.storyboard; sourceTree = "<group>"; };
		ECB5F2B7206BEE1E00C239B7 /* DateTimeViewController.swift */ = {isa = PBXFileReference; fileEncoding = 4; lastKnownFileType = sourcecode.swift; path = DateTimeViewController.swift; sourceTree = "<group>"; };
		ECB5F2B8206BEE1E00C239B7 /* PaymentTableViewCell.swift */ = {isa = PBXFileReference; fileEncoding = 4; lastKnownFileType = sourcecode.swift; path = PaymentTableViewCell.swift; sourceTree = "<group>"; };
		ECB5F2B9206BEE1E00C239B7 /* PaymentViewController.swift */ = {isa = PBXFileReference; fileEncoding = 4; lastKnownFileType = sourcecode.swift; path = PaymentViewController.swift; sourceTree = "<group>"; };
		ECB5F2C7206BFD3800C239B7 /* HistoryMainCell.swift */ = {isa = PBXFileReference; fileEncoding = 4; lastKnownFileType = sourcecode.swift; path = HistoryMainCell.swift; sourceTree = "<group>"; };
		ECB5F2C8206BFD3800C239B7 /* OrderHistoryDetailVC.swift */ = {isa = PBXFileReference; fileEncoding = 4; lastKnownFileType = sourcecode.swift; path = OrderHistoryDetailVC.swift; sourceTree = "<group>"; };
		ECB5F2C9206BFD3800C239B7 /* OrderHistoryMainVC.swift */ = {isa = PBXFileReference; fileEncoding = 4; lastKnownFileType = sourcecode.swift; path = OrderHistoryMainVC.swift; sourceTree = "<group>"; };
		ECB5F2CA206BFD3800C239B7 /* OrderHistory.storyboard */ = {isa = PBXFileReference; fileEncoding = 4; lastKnownFileType = file.storyboard; path = OrderHistory.storyboard; sourceTree = "<group>"; };
		ECB5F2CF206BFDC300C239B7 /* SummaryNetwork.swift */ = {isa = PBXFileReference; fileEncoding = 4; lastKnownFileType = sourcecode.swift; path = SummaryNetwork.swift; sourceTree = "<group>"; };
		ECB5F2D0206BFDC400C239B7 /* HistoryNetwork.swift */ = {isa = PBXFileReference; fileEncoding = 4; lastKnownFileType = sourcecode.swift; path = HistoryNetwork.swift; sourceTree = "<group>"; };
		ECB5F2D6206BFE5E00C239B7 /* OrderSummaryVC.swift */ = {isa = PBXFileReference; fileEncoding = 4; lastKnownFileType = sourcecode.swift; path = OrderSummaryVC.swift; sourceTree = "<group>"; };
		ECB5F2D8206BFE5F00C239B7 /* ProductSummaryCellVC.swift */ = {isa = PBXFileReference; fileEncoding = 4; lastKnownFileType = sourcecode.swift; path = ProductSummaryCellVC.swift; sourceTree = "<group>"; };
		ECB5F2D9206BFE5F00C239B7 /* ProductSummaryCellVC.xib */ = {isa = PBXFileReference; fileEncoding = 4; lastKnownFileType = file.xib; path = ProductSummaryCellVC.xib; sourceTree = "<group>"; };
		ECB5F2DA206BFE5F00C239B7 /* Productary.xib */ = {isa = PBXFileReference; fileEncoding = 4; lastKnownFileType = file.xib; path = Productary.xib; sourceTree = "<group>"; };
		ECB5F2E0206C030100C239B7 /* OrderSummary.storyboard */ = {isa = PBXFileReference; fileEncoding = 4; lastKnownFileType = file.storyboard; path = OrderSummary.storyboard; sourceTree = "<group>"; };
		ECDCB64C206CC0B7005B173D /* Payment.swift */ = {isa = PBXFileReference; lastKnownFileType = sourcecode.swift; path = Payment.swift; sourceTree = "<group>"; };
		FB7BD996206D1F4600BE55DD /* OrderNetwork.swift */ = {isa = PBXFileReference; lastKnownFileType = sourcecode.swift; path = OrderNetwork.swift; sourceTree = "<group>"; };
		FB7BD998206D2AE600BE55DD /* MyProductCellView.xib */ = {isa = PBXFileReference; fileEncoding = 4; lastKnownFileType = file.xib; path = MyProductCellView.xib; sourceTree = "<group>"; };
		FBBD513D206EC702008B55A1 /* UIViewControllerExtension.swift */ = {isa = PBXFileReference; lastKnownFileType = sourcecode.swift; path = UIViewControllerExtension.swift; sourceTree = "<group>"; };
		FBFABF98206A5535002F7701 /* ProductCellView.xib */ = {isa = PBXFileReference; fileEncoding = 4; lastKnownFileType = file.xib; path = ProductCellView.xib; sourceTree = "<group>"; };
		FBFABF99206A5535002F7701 /* ProductCellViewV2.xib */ = {isa = PBXFileReference; fileEncoding = 4; lastKnownFileType = file.xib; path = ProductCellViewV2.xib; sourceTree = "<group>"; };
		FBFABF9A206A5535002F7701 /* Catalog.storyboard */ = {isa = PBXFileReference; fileEncoding = 4; lastKnownFileType = file.storyboard; path = Catalog.storyboard; sourceTree = "<group>"; };
		FBFABF9B206A5536002F7701 /* ProductCellView.swift */ = {isa = PBXFileReference; fileEncoding = 4; lastKnownFileType = sourcecode.swift; path = ProductCellView.swift; sourceTree = "<group>"; };
		FBFABF9C206A5536002F7701 /* CatalogViewController.swift */ = {isa = PBXFileReference; fileEncoding = 4; lastKnownFileType = sourcecode.swift; path = CatalogViewController.swift; sourceTree = "<group>"; };
		FBFABFA3206A55C9002F7701 /* Product.swift */ = {isa = PBXFileReference; fileEncoding = 4; lastKnownFileType = sourcecode.swift; path = Product.swift; sourceTree = "<group>"; };
		FBFABFA5206A55F0002F7701 /* UIHelper.swift */ = {isa = PBXFileReference; fileEncoding = 4; lastKnownFileType = sourcecode.swift; path = UIHelper.swift; sourceTree = "<group>"; };
		FBFABFA8206A6D22002F7701 /* ProductNetwork.swift */ = {isa = PBXFileReference; lastKnownFileType = sourcecode.swift; path = ProductNetwork.swift; sourceTree = "<group>"; };
		FBFABFAB206A717B002F7701 /* CartItem.swift */ = {isa = PBXFileReference; lastKnownFileType = sourcecode.swift; path = CartItem.swift; sourceTree = "<group>"; };
/* End PBXFileReference section */

/* Begin PBXFrameworksBuildPhase section */
		6FED8B1E2068F75D00BE3D29 /* Frameworks */ = {
			isa = PBXFrameworksBuildPhase;
			buildActionMask = 2147483647;
			files = (
				65BDEB9638BFB8FC734D1C9B /* Pods_seqayaPoc.framework in Frameworks */,
			);
			runOnlyForDeploymentPostprocessing = 0;
		};
/* End PBXFrameworksBuildPhase section */

/* Begin PBXGroup section */
		3E59774C1EB009532A5B3855 /* Frameworks */ = {
			isa = PBXGroup;
			children = (
				E320B87FD8D5661E72543BAD /* Pods_seqayaPoc.framework */,
			);
			name = Frameworks;
			sourceTree = "<group>";
		};
		6A9AFADC20691E2600191713 /* RegisterScreen */ = {
			isa = PBXGroup;
			children = (
				6A9AFADD20691EB000191713 /* RegisterViewController.swift */,
				6A9AFADF2069261E00191713 /* Register.storyboard */,
			);
			path = RegisterScreen;
			sourceTree = "<group>";
		};
		6FED8B182068F75D00BE3D29 = {
			isa = PBXGroup;
			children = (
				EC32E2BD20761506003937EE /* Domain */,
				EC32E2BC207614FF003937EE /* Data */,
				6FED8B382068FAF300BE3D29 /* UI */,
				AC818D0D20752DDB00D60D3B /* Presentation */,
				AC818D0E20752DEB00D60D3B /* Domain */,
				AC818D1220752E3100D60D3B /* Data */,
				6FED8B372068FAD900BE3D29 /* Network */,
				6FED8B362068FAC700BE3D29 /* Models */,
				6FED8B232068F75D00BE3D29 /* seqayaPoc */,
				6FED8B222068F75D00BE3D29 /* Products */,
				CC00BADE23A0DA56F259FDBF /* Pods */,
				3E59774C1EB009532A5B3855 /* Frameworks */,
				AC818D53207D13B200D60D3B /* Recovered References */,
			);
			sourceTree = "<group>";
		};
		6FED8B222068F75D00BE3D29 /* Products */ = {
			isa = PBXGroup;
			children = (
				6FED8B212068F75D00BE3D29 /* seqayaPoc.app */,
			);
			name = Products;
			sourceTree = "<group>";
		};
		6FED8B232068F75D00BE3D29 /* seqayaPoc */ = {
			isa = PBXGroup;
			children = (
				6FED8B242068F75D00BE3D29 /* AppDelegate.swift */,
				6FED8B262068F75D00BE3D29 /* ViewController.swift */,
				6FED8B282068F75D00BE3D29 /* Main.storyboard */,
				6FED8B2B2068F75D00BE3D29 /* Assets.xcassets */,
				6FED8B2D2068F75D00BE3D29 /* LaunchScreen.storyboard */,
				6FED8B302068F75D00BE3D29 /* Info.plist */,
			);
			path = seqayaPoc;
			sourceTree = "<group>";
		};
		6FED8B362068FAC700BE3D29 /* Models */ = {
			isa = PBXGroup;
			children = (
				FBFABFAA206A7164002F7701 /* Codable */,
				FBFABFA3206A55C9002F7701 /* Product.swift */,
				6FED8B3F2068FCA000BE3D29 /* CheakOutProduct.swift */,
				EC3B4752206A5B4200F5A8BF /* SavedLocationModel.swift */,
				ECB5F2AA206BE01300C239B7 /* OrderItem.swift */,
				ECB5F2AE206BE53E00C239B7 /* OrderHistory.swift */,
				ECDCB64C206CC0B7005B173D /* Payment.swift */,
			);
			path = Models;
			sourceTree = "<group>";
		};
		6FED8B372068FAD900BE3D29 /* Network */ = {
			isa = PBXGroup;
			children = (
				FB7BD995206D1F2800BE55DD /* OrderNetwork */,
				EC59BB29206AA49400D154AB /* SavedLocationNetwork */,
				FBFABFA7206A6D07002F7701 /* ProductNetwork */,
			);
			path = Network;
			sourceTree = "<group>";
		};
		6FED8B382068FAF300BE3D29 /* UI */ = {
			isa = PBXGroup;
			children = (
				AC80C47720725D2500C8BAD3 /* FavouriteProduct */,
				FBBD513C206EC6A4008B55A1 /* Extension */,
				D217D9C7206935D100D1EC6E /* LoginScreen */,
				6A9AFADC20691E2600191713 /* RegisterScreen */,
				FAFCD6E9206904A90074D8E6 /* CatalogScreen */,
				6FED8B392068FB4000BE3D29 /* CheckOutScreen */,
				AC79BB12206F237B001D7B7F /* Settings */,
				ECB5F2B5206BEDDD00C239B7 /* DateTimeScreen */,
				EC06C5602069112A00D6BFEA /* DeliveryLocationMap */,
				6FED8B3E2068FBA700BE3D29 /* Shared */,
			);
			path = UI;
			sourceTree = "<group>";
		};
		6FED8B392068FB4000BE3D29 /* CheckOutScreen */ = {
			isa = PBXGroup;
			children = (
				ECB5F2B0206BE67A00C239B7 /* CheckOutCell.swift */,
				6FED8B3A2068FB7900BE3D29 /* CheckOutViewController.swift */,
				6FED8B3C2068FB8C00BE3D29 /* CheckOutStoryboard.storyboard */,
			);
			path = CheckOutScreen;
			sourceTree = "<group>";
		};
		6FED8B3E2068FBA700BE3D29 /* Shared */ = {
			isa = PBXGroup;
			children = (
				6FED8B432068FCF300BE3D29 /* CatlogCell.swift */,
				FBFABFA5206A55F0002F7701 /* UIHelper.swift */,
				AC79BB0E206F0317001D7B7F /* ValidationHelpers.swift */,
				AC79BB18206F3657001D7B7F /* OrderItemsSingelton.swift */,
			);
			path = Shared;
			sourceTree = "<group>";
		};
		AC4F0156207D2A7300C13C3B /* DelivaryLocation */ = {
			isa = PBXGroup;
			children = (
				AC4F0157207D2A7300C13C3B /* LocationRepositoryProtocol.swift */,
			);
			path = DelivaryLocation;
			sourceTree = "<group>";
		};
		AC5F9ECF20750FA9003B04BC /* View */ = {
			isa = PBXGroup;
			children = (
				AC818D1A20765FF000D60D3B /* UI */,
				AC79BB09206EF8FD001D7B7F /* success.json */,
				ECB5F2D8206BFE5F00C239B7 /* ProductSummaryCellVC.swift */,
				AC5F9ED120750FEE003B04BC /* OrderSummaryViewProtocol.swift */,
				ECB5F2D6206BFE5E00C239B7 /* OrderSummaryVC.swift */,
			);
			path = View;
			sourceTree = "<group>";
		};
		AC5F9ED020750FB5003B04BC /* Presenter */ = {
			isa = PBXGroup;
			children = (
				AC5F9ECD2074EED9003B04BC /* OrderSummaryPresenterProtocol.swift */,
				AC0179642075164000EFB26C /* OrderSummaryPresenter.swift */,
			);
			path = Presenter;
			sourceTree = "<group>";
		};
		AC79BB12206F237B001D7B7F /* Settings */ = {
			isa = PBXGroup;
			children = (
				AC79BB0D206F015C001D7B7F /* Settings.storyboard */,
				AC79BB15206F2708001D7B7F /* SettingsVC.swift */,
			);
			path = Settings;
			sourceTree = "<group>";
		};
		AC80C47720725D2500C8BAD3 /* FavouriteProduct */ = {
			isa = PBXGroup;
			children = (
				AC80C47820725D2500C8BAD3 /* FavProductViewController.swift */,
			);
			path = FavouriteProduct;
			sourceTree = "<group>";
		};
		AC80C47A20725DCB00C8BAD3 /* Delegate */ = {
			isa = PBXGroup;
			children = (
				AC80C47B20725DCB00C8BAD3 /* CatalogFavButtonDelegate.swift */,
				AC80C47C20725DCB00C8BAD3 /* ProductCounterDelegate.swift */,
				AC80C47D20725DCB00C8BAD3 /* ProductFavouriteDelegate.swift */,
			);
			path = Delegate;
			sourceTree = "<group>";
		};
		AC818D0D20752DDB00D60D3B /* Presentation */ = {
			isa = PBXGroup;
			children = (
				EC32E2DA20761B7A003937EE /* DelivaryLocation */,
				AC818D1320752E5800D60D3B /* OrderSummary */,
				AC818D1B2076601E00D60D3B /* GetOrderHistory */,
			);
			path = Presentation;
			sourceTree = "<group>";
		};
		AC818D0E20752DEB00D60D3B /* Domain */ = {
			isa = PBXGroup;
			children = (
				AC818D1020752E1A00D60D3B /* Business */,
				AC818D1120752E2300D60D3B /* UseCases */,
			);
			path = Domain;
			sourceTree = "<group>";
		};
		AC818D1020752E1A00D60D3B /* Business */ = {
			isa = PBXGroup;
			children = (
				AC818D1420752E7800D60D3B /* OrderSummary */,
				AC818D28207663E200D60D3B /* GetOrderHistory */,
			);
			path = Business;
			sourceTree = "<group>";
		};
		AC818D1120752E2300D60D3B /* UseCases */ = {
			isa = PBXGroup;
			children = (
				AC818D292076640B00D60D3B /* GetOrderHistory */,
				AC818D1520752E8300D60D3B /* OrderSummary */,
			);
			path = UseCases;
			sourceTree = "<group>";
		};
		AC818D1220752E3100D60D3B /* Data */ = {
			isa = PBXGroup;
			children = (
				EC32E2D920761B62003937EE /* DelivaryLocation */,
				AC818D1620761E0500D60D3B /* ServiceLocator.swift */,
				AC818D31207665A000D60D3B /* SummaryDataLayer */,
				AC818D302076658D00D60D3B /* HistoryDataLayer */,
			);
			path = Data;
			sourceTree = "<group>";
		};
		AC818D1320752E5800D60D3B /* OrderSummary */ = {
			isa = PBXGroup;
			children = (
				AC5F9ECF20750FA9003B04BC /* View */,
				AC5F9ED020750FB5003B04BC /* Presenter */,
			);
			path = OrderSummary;
			sourceTree = "<group>";
		};
		AC818D1420752E7800D60D3B /* OrderSummary */ = {
			isa = PBXGroup;
			children = (
				AC01796B20751E1D00EFB26C /* OrderSummaryRepositoryProtocol.swift */,
				AC01796D20751E6000EFB26C /* OrderSummaryRepository.swift */,
			);
			path = OrderSummary;
			sourceTree = "<group>";
		};
		AC818D1520752E8300D60D3B /* OrderSummary */ = {
			isa = PBXGroup;
			children = (
				AC01796820751D2D00EFB26C /* GetPlacedOrderUseCaseProtocol.swift */,
				AC01796620751D0300EFB26C /* GetPlacedOrderUseCase.swift */,
			);
			path = OrderSummary;
			sourceTree = "<group>";
		};
		AC818D1A20765FF000D60D3B /* UI */ = {
			isa = PBXGroup;
			children = (
				ECB5F2DA206BFE5F00C239B7 /* Productary.xib */,
				FB7BD998206D2AE600BE55DD /* MyProductCellView.xib */,
				ECB5F2E0206C030100C239B7 /* OrderSummary.storyboard */,
				ECB5F2D9206BFE5F00C239B7 /* ProductSummaryCellVC.xib */,
			);
			path = UI;
			sourceTree = "<group>";
		};
		AC818D1B2076601E00D60D3B /* GetOrderHistory */ = {
			isa = PBXGroup;
			children = (
				AC818D1C2076606C00D60D3B /* View */,
				AC818D232076614100D60D3B /* Presenter */,
			);
			path = GetOrderHistory;
			sourceTree = "<group>";
		};
		AC818D1C2076606C00D60D3B /* View */ = {
			isa = PBXGroup;
			children = (
				AC818D1D2076607300D60D3B /* UI */,
				ECB5F2C7206BFD3800C239B7 /* HistoryMainCell.swift */,
				AC818D212076610200D60D3B /* OrderHistoryDetailProtocol.swift */,
				AC818D1F207660AC00D60D3B /* OrderHistoryMainProtocol.swift */,
				ECB5F2C8206BFD3800C239B7 /* OrderHistoryDetailVC.swift */,
				ECB5F2C9206BFD3800C239B7 /* OrderHistoryMainVC.swift */,
			);
			path = View;
			sourceTree = "<group>";
		};
		AC818D1D2076607300D60D3B /* UI */ = {
			isa = PBXGroup;
			children = (
				ECB5F2CA206BFD3800C239B7 /* OrderHistory.storyboard */,
			);
			path = UI;
			sourceTree = "<group>";
		};
		AC818D232076614100D60D3B /* Presenter */ = {
			isa = PBXGroup;
			children = (
				AC818D242076615800D60D3B /* OrderHistoryMainPresenterProtocol.swift */,
				AC818D262076620500D60D3B /* OrderHistoryMainPresenter.swift */,
			);
			path = Presenter;
			sourceTree = "<group>";
		};
		AC818D28207663E200D60D3B /* GetOrderHistory */ = {
			isa = PBXGroup;
			children = (
				AC818D2A2076643000D60D3B /* OrderHistoryRepositoryProtocol.swift */,
				AC818D2C2076644200D60D3B /* OrderHistoryRepository.swift */,
			);
			path = GetOrderHistory;
			sourceTree = "<group>";
		};
		AC818D292076640B00D60D3B /* GetOrderHistory */ = {
			isa = PBXGroup;
			children = (
				AC818D322076665800D60D3B /* GetOrderHistoryUCProtocol.swift */,
				AC818D3620766D4D00D60D3B /* GetOrderHistoryUseCase.swift */,
			);
			path = GetOrderHistory;
			sourceTree = "<group>";
		};
		AC818D302076658D00D60D3B /* HistoryDataLayer */ = {
			isa = PBXGroup;
			children = (
				AC818D2E2076656E00D60D3B /* HistoryNetworkProtocol.swift */,
				ECB5F2D0206BFDC400C239B7 /* HistoryNetwork.swift */,
			);
			path = HistoryDataLayer;
			sourceTree = "<group>";
		};
		AC818D31207665A000D60D3B /* SummaryDataLayer */ = {
			isa = PBXGroup;
			children = (
				ECB5F2CF206BFDC300C239B7 /* SummaryNetwork.swift */,
			);
			path = SummaryDataLayer;
			sourceTree = "<group>";
		};
		AC818D53207D13B200D60D3B /* Recovered References */ = {
			isa = PBXGroup;
			children = (
				EC32E2D120761782003937EE /* LocationRepository.swift */,
				EC32E2D4207617A6003937EE /* SavedLocationNetwork.swift */,
				EC32E2CB207616B0003937EE /* LocationRepositoryProtocol.swift */,
				EC32E2C220761686003937EE /* CreateNewLocationUseCase.swift */,
				EC32E2C320761686003937EE /* GetSavedLocationUseCase.swift */,
				EC32E2C420761686003937EE /* GetSavedLocationUseCaseProtocol.swift */,
			);
			name = "Recovered References";
			sourceTree = "<group>";
		};
		CC00BADE23A0DA56F259FDBF /* Pods */ = {
			isa = PBXGroup;
			children = (
				C71D3DA4DB76C81C5D15DD8C /* Pods-seqayaPoc.debug.xcconfig */,
				24EF6CD74BEDD8A3C28C930D /* Pods-seqayaPoc.release.xcconfig */,
			);
			name = Pods;
			sourceTree = "<group>";
		};
		D217D9C7206935D100D1EC6E /* LoginScreen */ = {
			isa = PBXGroup;
			children = (
				D217D9CA20693A6300D1EC6E /* LoginController.swift */,
				AC80C4752072527000C8BAD3 /* Login.storyboard */,
			);
			path = LoginScreen;
			sourceTree = "<group>";
		};
		EC06C5602069112A00D6BFEA /* DeliveryLocationMap */ = {
			isa = PBXGroup;
			children = (
			);
			path = DeliveryLocationMap;
			sourceTree = "<group>";
		};
		EC32E2BC207614FF003937EE /* Data */ = {
			isa = PBXGroup;
			children = (
				EC32E2D3207617A6003937EE /* AlamaofireClient.swift */,
				EC32E2D5207617A7003937EE /* ApiConstants.swift */,
			);
			path = Data;
			sourceTree = "<group>";
		};
		EC32E2BD20761506003937EE /* Domain */ = {
			isa = PBXGroup;
			children = (
				EC32E2CF207616D6003937EE /* Model */,
				EC32E2D0207616EE003937EE /* RepositoryProtocol */,
				EC32E2CE207616CB003937EE /* UseCase */,
			);
			path = Domain;
			sourceTree = "<group>";
		};
		EC32E2CE207616CB003937EE /* UseCase */ = {
			isa = PBXGroup;
			children = (
			);
			path = UseCase;
			sourceTree = "<group>";
		};
		EC32E2CF207616D6003937EE /* Model */ = {
			isa = PBXGroup;
			children = (
				EC32E2C92076169B003937EE /* SavedLocation.swift */,
			);
			path = Model;
			sourceTree = "<group>";
		};
		EC32E2D0207616EE003937EE /* RepositoryProtocol */ = {
			isa = PBXGroup;
			children = (
				AC4F0156207D2A7300C13C3B /* DelivaryLocation */,
			);
			path = RepositoryProtocol;
			sourceTree = "<group>";
		};
		EC32E2D920761B62003937EE /* DelivaryLocation */ = {
			isa = PBXGroup;
			children = (
			);
			path = DelivaryLocation;
			sourceTree = "<group>";
		};
		EC32E2DA20761B7A003937EE /* DelivaryLocation */ = {
			isa = PBXGroup;
			children = (
				EC06C563206924B000D6BFEA /* DeliveryLocationSB.storyboard */,
				EC32E2DB20761BC5003937EE /* DelivaryLocationPresenter.swift */,
				EC32E2DC20761BC5003937EE /* DelivaryLocationPresenterProtocol.swift */,
				EC06C5612069123600D6BFEA /* DeliveryLocationVC.swift */,
				EC32E2DF20761C50003937EE /* DelivaryLocationVcProtocol.swift */,
				EC06C5652069286700D6BFEA /* LocationSearchTable.swift */,
				EC06C5672069523F00D6BFEA /* HandleMapSearchProtocol.swift */,
			);
			path = DelivaryLocation;
			sourceTree = "<group>";
		};
		EC59BB29206AA49400D154AB /* SavedLocationNetwork */ = {
			isa = PBXGroup;
			children = (
			);
			path = SavedLocationNetwork;
			sourceTree = "<group>";
		};
		ECB5F2B5206BEDDD00C239B7 /* DateTimeScreen */ = {
			isa = PBXGroup;
			children = (
				ECB5F2B6206BEE1E00C239B7 /* DateTimePayement.storyboard */,
				ECB5F2B7206BEE1E00C239B7 /* DateTimeViewController.swift */,
				ECB5F2B8206BEE1E00C239B7 /* PaymentTableViewCell.swift */,
				ECB5F2B9206BEE1E00C239B7 /* PaymentViewController.swift */,
			);
			path = DateTimeScreen;
			sourceTree = "<group>";
		};
		FAFCD6E9206904A90074D8E6 /* CatalogScreen */ = {
			isa = PBXGroup;
			children = (
				AC80C47A20725DCB00C8BAD3 /* Delegate */,
				FBFABF9A206A5535002F7701 /* Catalog.storyboard */,
				FBFABF9C206A5536002F7701 /* CatalogViewController.swift */,
				FBFABF9B206A5536002F7701 /* ProductCellView.swift */,
				FBFABF98206A5535002F7701 /* ProductCellView.xib */,
				FBFABF99206A5535002F7701 /* ProductCellViewV2.xib */,
				ECB5F2AC206BE06E00C239B7 /* RKNotificationHub.swift */,
			);
			path = CatalogScreen;
			sourceTree = "<group>";
		};
		FB7BD995206D1F2800BE55DD /* OrderNetwork */ = {
			isa = PBXGroup;
			children = (
				FB7BD996206D1F4600BE55DD /* OrderNetwork.swift */,
			);
			path = OrderNetwork;
			sourceTree = "<group>";
		};
		FBBD513C206EC6A4008B55A1 /* Extension */ = {
			isa = PBXGroup;
			children = (
				FBBD513D206EC702008B55A1 /* UIViewControllerExtension.swift */,
			);
			path = Extension;
			sourceTree = "<group>";
		};
		FBFABFA7206A6D07002F7701 /* ProductNetwork */ = {
			isa = PBXGroup;
			children = (
				FBFABFA8206A6D22002F7701 /* ProductNetwork.swift */,
			);
			path = ProductNetwork;
			sourceTree = "<group>";
		};
		FBFABFAA206A7164002F7701 /* Codable */ = {
			isa = PBXGroup;
			children = (
				FBFABFAB206A717B002F7701 /* CartItem.swift */,
				EC32AA86206BCEFC001F427B /* UserModel.swift */,
			);
			path = Codable;
			sourceTree = "<group>";
		};
/* End PBXGroup section */

/* Begin PBXNativeTarget section */
		6FED8B202068F75D00BE3D29 /* seqayaPoc */ = {
			isa = PBXNativeTarget;
			buildConfigurationList = 6FED8B332068F75D00BE3D29 /* Build configuration list for PBXNativeTarget "seqayaPoc" */;
			buildPhases = (
				4CD4D7DCB04A4CE6DEF24CBA /* [CP] Check Pods Manifest.lock */,
				6FED8B1D2068F75D00BE3D29 /* Sources */,
				6FED8B1E2068F75D00BE3D29 /* Frameworks */,
				6FED8B1F2068F75D00BE3D29 /* Resources */,
				903418CC8267C68581962900 /* [CP] Embed Pods Frameworks */,
				C31F45D7FB02FD7F21D45A34 /* [CP] Copy Pods Resources */,
			);
			buildRules = (
			);
			dependencies = (
			);
			name = seqayaPoc;
			productName = seqayaPoc;
			productReference = 6FED8B212068F75D00BE3D29 /* seqayaPoc.app */;
			productType = "com.apple.product-type.application";
		};
/* End PBXNativeTarget section */

/* Begin PBXProject section */
		6FED8B192068F75D00BE3D29 /* Project object */ = {
			isa = PBXProject;
			attributes = {
				LastSwiftUpdateCheck = 0910;
				LastUpgradeCheck = 0910;
				ORGANIZATIONNAME = "Mariam Elsayed Ismail";
				TargetAttributes = {
					6FED8B202068F75D00BE3D29 = {
						CreatedOnToolsVersion = 9.1;
						ProvisioningStyle = Automatic;
					};
				};
			};
			buildConfigurationList = 6FED8B1C2068F75D00BE3D29 /* Build configuration list for PBXProject "seqayaPoc" */;
			compatibilityVersion = "Xcode 8.0";
			developmentRegion = en;
			hasScannedForEncodings = 0;
			knownRegions = (
				en,
				Base,
			);
			mainGroup = 6FED8B182068F75D00BE3D29;
			productRefGroup = 6FED8B222068F75D00BE3D29 /* Products */;
			projectDirPath = "";
			projectRoot = "";
			targets = (
				6FED8B202068F75D00BE3D29 /* seqayaPoc */,
			);
		};
/* End PBXProject section */

/* Begin PBXResourcesBuildPhase section */
		6FED8B1F2068F75D00BE3D29 /* Resources */ = {
			isa = PBXResourcesBuildPhase;
			buildActionMask = 2147483647;
			files = (
				AC80C4762072537E00C8BAD3 /* Login.storyboard in Resources */,
				AC79BB17206F28B0001D7B7F /* Settings.storyboard in Resources */,
				FB7BD999206D2AE600BE55DD /* MyProductCellView.xib in Resources */,
				FBFABFA0206A5536002F7701 /* Catalog.storyboard in Resources */,
				6FED8B2F2068F75D00BE3D29 /* LaunchScreen.storyboard in Resources */,
				FBFABF9F206A5536002F7701 /* ProductCellViewV2.xib in Resources */,
				6FED8B3D2068FB8C00BE3D29 /* CheckOutStoryboard.storyboard in Resources */,
				ECB5F2DE206BFE5F00C239B7 /* ProductSummaryCellVC.xib in Resources */,
				FBFABF9E206A5536002F7701 /* ProductCellView.xib in Resources */,
				ECB5F2DF206BFE5F00C239B7 /* Productary.xib in Resources */,
				ECB5F2E1206C030100C239B7 /* OrderSummary.storyboard in Resources */,
				AC79BB0A206EF8FD001D7B7F /* success.json in Resources */,
				6FED8B2C2068F75D00BE3D29 /* Assets.xcassets in Resources */,
				EC06C564206924B000D6BFEA /* DeliveryLocationSB.storyboard in Resources */,
				ECB5F2CE206BFD3900C239B7 /* OrderHistory.storyboard in Resources */,
				6FED8B2A2068F75D00BE3D29 /* Main.storyboard in Resources */,
				ECB5F2BA206BEE1E00C239B7 /* DateTimePayement.storyboard in Resources */,
				EC32AA89206BDB02001F427B /* Register.storyboard in Resources */,
			);
			runOnlyForDeploymentPostprocessing = 0;
		};
/* End PBXResourcesBuildPhase section */

/* Begin PBXShellScriptBuildPhase section */
		4CD4D7DCB04A4CE6DEF24CBA /* [CP] Check Pods Manifest.lock */ = {
			isa = PBXShellScriptBuildPhase;
			buildActionMask = 2147483647;
			files = (
			);
			inputPaths = (
				"${PODS_PODFILE_DIR_PATH}/Podfile.lock",
				"${PODS_ROOT}/Manifest.lock",
			);
			name = "[CP] Check Pods Manifest.lock";
			outputPaths = (
				"$(DERIVED_FILE_DIR)/Pods-seqayaPoc-checkManifestLockResult.txt",
			);
			runOnlyForDeploymentPostprocessing = 0;
			shellPath = /bin/sh;
			shellScript = "diff \"${PODS_PODFILE_DIR_PATH}/Podfile.lock\" \"${PODS_ROOT}/Manifest.lock\" > /dev/null\nif [ $? != 0 ] ; then\n    # print error to STDERR\n    echo \"error: The sandbox is not in sync with the Podfile.lock. Run 'pod install' or update your CocoaPods installation.\" >&2\n    exit 1\nfi\n# This output is used by Xcode 'outputs' to avoid re-running this script phase.\necho \"SUCCESS\" > \"${SCRIPT_OUTPUT_FILE_0}\"\n";
			showEnvVarsInLog = 0;
		};
		903418CC8267C68581962900 /* [CP] Embed Pods Frameworks */ = {
			isa = PBXShellScriptBuildPhase;
			buildActionMask = 2147483647;
			files = (
			);
			inputPaths = (
				"${SRCROOT}/Pods/Target Support Files/Pods-seqayaPoc/Pods-seqayaPoc-frameworks.sh",
				"${BUILT_PRODUCTS_DIR}/Alamofire/Alamofire.framework",
				"${BUILT_PRODUCTS_DIR}/MBProgressHUD/MBProgressHUD.framework",
				"${BUILT_PRODUCTS_DIR}/RxCocoa/RxCocoa.framework",
				"${BUILT_PRODUCTS_DIR}/RxSwift/RxSwift.framework",
				"${BUILT_PRODUCTS_DIR}/lottie-ios/Lottie.framework",
			);
			name = "[CP] Embed Pods Frameworks";
			outputPaths = (
				"${TARGET_BUILD_DIR}/${FRAMEWORKS_FOLDER_PATH}/Alamofire.framework",
				"${TARGET_BUILD_DIR}/${FRAMEWORKS_FOLDER_PATH}/MBProgressHUD.framework",
				"${TARGET_BUILD_DIR}/${FRAMEWORKS_FOLDER_PATH}/RxCocoa.framework",
				"${TARGET_BUILD_DIR}/${FRAMEWORKS_FOLDER_PATH}/RxSwift.framework",
				"${TARGET_BUILD_DIR}/${FRAMEWORKS_FOLDER_PATH}/Lottie.framework",
			);
			runOnlyForDeploymentPostprocessing = 0;
			shellPath = /bin/sh;
			shellScript = "\"${SRCROOT}/Pods/Target Support Files/Pods-seqayaPoc/Pods-seqayaPoc-frameworks.sh\"\n";
			showEnvVarsInLog = 0;
		};
		C31F45D7FB02FD7F21D45A34 /* [CP] Copy Pods Resources */ = {
			isa = PBXShellScriptBuildPhase;
			buildActionMask = 2147483647;
			files = (
			);
			inputPaths = (
			);
			name = "[CP] Copy Pods Resources";
			outputPaths = (
			);
			runOnlyForDeploymentPostprocessing = 0;
			shellPath = /bin/sh;
			shellScript = "\"${SRCROOT}/Pods/Target Support Files/Pods-seqayaPoc/Pods-seqayaPoc-resources.sh\"\n";
			showEnvVarsInLog = 0;
		};
/* End PBXShellScriptBuildPhase section */

/* Begin PBXSourcesBuildPhase section */
		6FED8B1D2068F75D00BE3D29 /* Sources */ = {
			isa = PBXSourcesBuildPhase;
			buildActionMask = 2147483647;
			files = (
				AC818D3720766D4D00D60D3B /* GetOrderHistoryUseCase.swift in Sources */,
				ECB5F2DB206BFE5F00C239B7 /* OrderSummaryVC.swift in Sources */,
				AC01796720751D0300EFB26C /* GetPlacedOrderUseCase.swift in Sources */,
				FB7BD997206D1F4600BE55DD /* OrderNetwork.swift in Sources */,
				FBBD513E206EC702008B55A1 /* UIViewControllerExtension.swift in Sources */,
				ECB5F2AF206BE53E00C239B7 /* OrderHistory.swift in Sources */,
				EC32E2D220761782003937EE /* LocationRepository.swift in Sources */,
				EC32E2D7207617A7003937EE /* SavedLocationNetwork.swift in Sources */,
				AC80C48020725DCB00C8BAD3 /* ProductFavouriteDelegate.swift in Sources */,
				EC32AA88206BD329001F427B /* RegisterViewController.swift in Sources */,
				EC32AA87206BCEFC001F427B /* UserModel.swift in Sources */,
				EC06C5662069286700D6BFEA /* LocationSearchTable.swift in Sources */,
				AC01796E20751E6000EFB26C /* OrderSummaryRepository.swift in Sources */,
				AC818D2B2076643000D60D3B /* OrderHistoryRepositoryProtocol.swift in Sources */,
				AC79BB0F206F0317001D7B7F /* ValidationHelpers.swift in Sources */,
				AC5F9ECE2074EED9003B04BC /* OrderSummaryPresenterProtocol.swift in Sources */,
				AC818D20207660AC00D60D3B /* OrderHistoryMainProtocol.swift in Sources */,
				ECB5F2AB206BE01300C239B7 /* OrderItem.swift in Sources */,
				ECB5F2CB206BFD3900C239B7 /* HistoryMainCell.swift in Sources */,
				ECB5F2D1206BFDC400C239B7 /* SummaryNetwork.swift in Sources */,
				AC818D2F2076656E00D60D3B /* HistoryNetworkProtocol.swift in Sources */,
				AC818D222076610200D60D3B /* OrderHistoryDetailProtocol.swift in Sources */,
				EC06C5622069123600D6BFEA /* DeliveryLocationVC.swift in Sources */,
				FBFABFA1206A5536002F7701 /* ProductCellView.swift in Sources */,
				AC80C47F20725DCB00C8BAD3 /* ProductCounterDelegate.swift in Sources */,
				AC01796C20751E1D00EFB26C /* OrderSummaryRepositoryProtocol.swift in Sources */,
				AC79BB19206F3657001D7B7F /* OrderItemsSingelton.swift in Sources */,
				AC01796920751D2D00EFB26C /* GetPlacedOrderUseCaseProtocol.swift in Sources */,
				EC32E2DD20761BC6003937EE /* DelivaryLocationPresenter.swift in Sources */,
				EC32E2CC207616B0003937EE /* LocationRepositoryProtocol.swift in Sources */,
				FBFABFA6206A55F0002F7701 /* UIHelper.swift in Sources */,
				ECDCB64D206CC0B7005B173D /* Payment.swift in Sources */,
				AC5F9ED220750FEE003B04BC /* OrderSummaryViewProtocol.swift in Sources */,
				EC32AA85206BCBD6001F427B /* LoginController.swift in Sources */,
				6FED8B3B2068FB7900BE3D29 /* CheckOutViewController.swift in Sources */,
				EC32E2CA2076169C003937EE /* SavedLocation.swift in Sources */,
				AC0179652075164000EFB26C /* OrderSummaryPresenter.swift in Sources */,
				EC32E2E020761C51003937EE /* DelivaryLocationVcProtocol.swift in Sources */,
				FBFABFA9206A6D22002F7701 /* ProductNetwork.swift in Sources */,
				AC818D272076620500D60D3B /* OrderHistoryMainPresenter.swift in Sources */,
				6FED8B272068F75D00BE3D29 /* ViewController.swift in Sources */,
				FBFABFAC206A717B002F7701 /* CartItem.swift in Sources */,
				AC818D2D2076644200D60D3B /* OrderHistoryRepository.swift in Sources */,
				EC32AA8A206BDEEE001F427B /* CatalogViewController.swift in Sources */,
				AC818D1720761E0500D60D3B /* ServiceLocator.swift in Sources */,
				ECB5F2BC206BEE1E00C239B7 /* PaymentTableViewCell.swift in Sources */,
				6FED8B252068F75D00BE3D29 /* AppDelegate.swift in Sources */,
				ECB5F2D2206BFDC400C239B7 /* HistoryNetwork.swift in Sources */,
				EC3B4753206A5B4200F5A8BF /* SavedLocationModel.swift in Sources */,
				AC818D332076665800D60D3B /* GetOrderHistoryUCProtocol.swift in Sources */,
				6FED8B402068FCA000BE3D29 /* CheakOutProduct.swift in Sources */,
				ECB5F2DD206BFE5F00C239B7 /* ProductSummaryCellVC.swift in Sources */,
				AC4F0158207D2A7300C13C3B /* LocationRepositoryProtocol.swift in Sources */,
				ECB5F2CC206BFD3900C239B7 /* OrderHistoryDetailVC.swift in Sources */,
				EC32E2C620761687003937EE /* CreateNewLocationUseCase.swift in Sources */,
				EC32E2D6207617A7003937EE /* AlamaofireClient.swift in Sources */,
				AC80C47920725D2500C8BAD3 /* FavProductViewController.swift in Sources */,
				ECB5F2BD206BEE1E00C239B7 /* PaymentViewController.swift in Sources */,
				EC32E2C720761687003937EE /* GetSavedLocationUseCase.swift in Sources */,
				EC06C5682069523F00D6BFEA /* HandleMapSearchProtocol.swift in Sources */,
				EC32E2DE20761BC6003937EE /* DelivaryLocationPresenterProtocol.swift in Sources */,
				ECB5F2B1206BE67A00C239B7 /* CheckOutCell.swift in Sources */,
				ECB5F2BB206BEE1E00C239B7 /* DateTimeViewController.swift in Sources */,
				6FED8B442068FCF300BE3D29 /* CatlogCell.swift in Sources */,
				EC32E2D8207617A7003937EE /* ApiConstants.swift in Sources */,
				EC32E2C820761687003937EE /* GetSavedLocationUseCaseProtocol.swift in Sources */,
				AC80C47E20725DCB00C8BAD3 /* CatalogFavButtonDelegate.swift in Sources */,
				ECB5F2CD206BFD3900C239B7 /* OrderHistoryMainVC.swift in Sources */,
				FBFABFA4206A55C9002F7701 /* Product.swift in Sources */,
				ECB5F2AD206BE06E00C239B7 /* RKNotificationHub.swift in Sources */,
				AC79BB16206F2708001D7B7F /* SettingsVC.swift in Sources */,
				AC818D252076615800D60D3B /* OrderHistoryMainPresenterProtocol.swift in Sources */,
			);
			runOnlyForDeploymentPostprocessing = 0;
		};
/* End PBXSourcesBuildPhase section */

/* Begin PBXVariantGroup section */
		6FED8B282068F75D00BE3D29 /* Main.storyboard */ = {
			isa = PBXVariantGroup;
			children = (
				6FED8B292068F75D00BE3D29 /* Base */,
			);
			name = Main.storyboard;
			sourceTree = "<group>";
		};
		6FED8B2D2068F75D00BE3D29 /* LaunchScreen.storyboard */ = {
			isa = PBXVariantGroup;
			children = (
				6FED8B2E2068F75D00BE3D29 /* Base */,
			);
			name = LaunchScreen.storyboard;
			sourceTree = "<group>";
		};
/* End PBXVariantGroup section */

/* Begin XCBuildConfiguration section */
		6FED8B312068F75D00BE3D29 /* Debug */ = {
			isa = XCBuildConfiguration;
			buildSettings = {
				ALWAYS_SEARCH_USER_PATHS = NO;
				CLANG_ANALYZER_NONNULL = YES;
				CLANG_ANALYZER_NUMBER_OBJECT_CONVERSION = YES_AGGRESSIVE;
				CLANG_CXX_LANGUAGE_STANDARD = "gnu++14";
				CLANG_CXX_LIBRARY = "libc++";
				CLANG_ENABLE_MODULES = YES;
				CLANG_ENABLE_OBJC_ARC = YES;
				CLANG_WARN_BLOCK_CAPTURE_AUTORELEASING = YES;
				CLANG_WARN_BOOL_CONVERSION = YES;
				CLANG_WARN_COMMA = YES;
				CLANG_WARN_CONSTANT_CONVERSION = YES;
				CLANG_WARN_DIRECT_OBJC_ISA_USAGE = YES_ERROR;
				CLANG_WARN_DOCUMENTATION_COMMENTS = YES;
				CLANG_WARN_EMPTY_BODY = YES;
				CLANG_WARN_ENUM_CONVERSION = YES;
				CLANG_WARN_INFINITE_RECURSION = YES;
				CLANG_WARN_INT_CONVERSION = YES;
				CLANG_WARN_NON_LITERAL_NULL_CONVERSION = YES;
				CLANG_WARN_OBJC_LITERAL_CONVERSION = YES;
				CLANG_WARN_OBJC_ROOT_CLASS = YES_ERROR;
				CLANG_WARN_RANGE_LOOP_ANALYSIS = YES;
				CLANG_WARN_STRICT_PROTOTYPES = YES;
				CLANG_WARN_SUSPICIOUS_MOVE = YES;
				CLANG_WARN_UNGUARDED_AVAILABILITY = YES_AGGRESSIVE;
				CLANG_WARN_UNREACHABLE_CODE = YES;
				CLANG_WARN__DUPLICATE_METHOD_MATCH = YES;
				CODE_SIGN_IDENTITY = "iPhone Developer";
				COPY_PHASE_STRIP = NO;
				DEBUG_INFORMATION_FORMAT = dwarf;
				ENABLE_STRICT_OBJC_MSGSEND = YES;
				ENABLE_TESTABILITY = YES;
				GCC_C_LANGUAGE_STANDARD = gnu11;
				GCC_DYNAMIC_NO_PIC = NO;
				GCC_NO_COMMON_BLOCKS = YES;
				GCC_OPTIMIZATION_LEVEL = 0;
				GCC_PREPROCESSOR_DEFINITIONS = (
					"DEBUG=1",
					"$(inherited)",
				);
				GCC_WARN_64_TO_32_BIT_CONVERSION = YES;
				GCC_WARN_ABOUT_RETURN_TYPE = YES_ERROR;
				GCC_WARN_UNDECLARED_SELECTOR = YES;
				GCC_WARN_UNINITIALIZED_AUTOS = YES_AGGRESSIVE;
				GCC_WARN_UNUSED_FUNCTION = YES;
				GCC_WARN_UNUSED_VARIABLE = YES;
				IPHONEOS_DEPLOYMENT_TARGET = 11.1;
				MTL_ENABLE_DEBUG_INFO = YES;
				ONLY_ACTIVE_ARCH = YES;
				SDKROOT = iphoneos;
				SWIFT_ACTIVE_COMPILATION_CONDITIONS = DEBUG;
				SWIFT_OPTIMIZATION_LEVEL = "-Onone";
			};
			name = Debug;
		};
		6FED8B322068F75D00BE3D29 /* Release */ = {
			isa = XCBuildConfiguration;
			buildSettings = {
				ALWAYS_SEARCH_USER_PATHS = NO;
				CLANG_ANALYZER_NONNULL = YES;
				CLANG_ANALYZER_NUMBER_OBJECT_CONVERSION = YES_AGGRESSIVE;
				CLANG_CXX_LANGUAGE_STANDARD = "gnu++14";
				CLANG_CXX_LIBRARY = "libc++";
				CLANG_ENABLE_MODULES = YES;
				CLANG_ENABLE_OBJC_ARC = YES;
				CLANG_WARN_BLOCK_CAPTURE_AUTORELEASING = YES;
				CLANG_WARN_BOOL_CONVERSION = YES;
				CLANG_WARN_COMMA = YES;
				CLANG_WARN_CONSTANT_CONVERSION = YES;
				CLANG_WARN_DIRECT_OBJC_ISA_USAGE = YES_ERROR;
				CLANG_WARN_DOCUMENTATION_COMMENTS = YES;
				CLANG_WARN_EMPTY_BODY = YES;
				CLANG_WARN_ENUM_CONVERSION = YES;
				CLANG_WARN_INFINITE_RECURSION = YES;
				CLANG_WARN_INT_CONVERSION = YES;
				CLANG_WARN_NON_LITERAL_NULL_CONVERSION = YES;
				CLANG_WARN_OBJC_LITERAL_CONVERSION = YES;
				CLANG_WARN_OBJC_ROOT_CLASS = YES_ERROR;
				CLANG_WARN_RANGE_LOOP_ANALYSIS = YES;
				CLANG_WARN_STRICT_PROTOTYPES = YES;
				CLANG_WARN_SUSPICIOUS_MOVE = YES;
				CLANG_WARN_UNGUARDED_AVAILABILITY = YES_AGGRESSIVE;
				CLANG_WARN_UNREACHABLE_CODE = YES;
				CLANG_WARN__DUPLICATE_METHOD_MATCH = YES;
				CODE_SIGN_IDENTITY = "iPhone Developer";
				COPY_PHASE_STRIP = NO;
				DEBUG_INFORMATION_FORMAT = "dwarf-with-dsym";
				ENABLE_NS_ASSERTIONS = NO;
				ENABLE_STRICT_OBJC_MSGSEND = YES;
				GCC_C_LANGUAGE_STANDARD = gnu11;
				GCC_NO_COMMON_BLOCKS = YES;
				GCC_WARN_64_TO_32_BIT_CONVERSION = YES;
				GCC_WARN_ABOUT_RETURN_TYPE = YES_ERROR;
				GCC_WARN_UNDECLARED_SELECTOR = YES;
				GCC_WARN_UNINITIALIZED_AUTOS = YES_AGGRESSIVE;
				GCC_WARN_UNUSED_FUNCTION = YES;
				GCC_WARN_UNUSED_VARIABLE = YES;
				IPHONEOS_DEPLOYMENT_TARGET = 11.1;
				MTL_ENABLE_DEBUG_INFO = NO;
				SDKROOT = iphoneos;
				SWIFT_OPTIMIZATION_LEVEL = "-Owholemodule";
				VALIDATE_PRODUCT = YES;
			};
			name = Release;
		};
		6FED8B342068F75D00BE3D29 /* Debug */ = {
			isa = XCBuildConfiguration;
			baseConfigurationReference = C71D3DA4DB76C81C5D15DD8C /* Pods-seqayaPoc.debug.xcconfig */;
			buildSettings = {
				ASSETCATALOG_COMPILER_APPICON_NAME = AppIcon;
				CODE_SIGN_STYLE = Automatic;
				DEVELOPMENT_TEAM = "";
				INFOPLIST_FILE = seqayaPoc/Info.plist;
				IPHONEOS_DEPLOYMENT_TARGET = 10.3;
				LD_RUNPATH_SEARCH_PATHS = "$(inherited) @executable_path/Frameworks";
				PRODUCT_BUNDLE_IDENTIFIER = better.seqaya;
				PRODUCT_NAME = "$(TARGET_NAME)";
				SWIFT_VERSION = 4.0;
				TARGETED_DEVICE_FAMILY = "1,2";
			};
			name = Debug;
		};
		6FED8B352068F75D00BE3D29 /* Release */ = {
			isa = XCBuildConfiguration;
			baseConfigurationReference = 24EF6CD74BEDD8A3C28C930D /* Pods-seqayaPoc.release.xcconfig */;
			buildSettings = {
				ASSETCATALOG_COMPILER_APPICON_NAME = AppIcon;
				CODE_SIGN_STYLE = Automatic;
				DEVELOPMENT_TEAM = "";
				INFOPLIST_FILE = seqayaPoc/Info.plist;
				IPHONEOS_DEPLOYMENT_TARGET = 10.3;
				LD_RUNPATH_SEARCH_PATHS = "$(inherited) @executable_path/Frameworks";
				PRODUCT_BUNDLE_IDENTIFIER = better.seqaya;
				PRODUCT_NAME = "$(TARGET_NAME)";
				SWIFT_VERSION = 4.0;
				TARGETED_DEVICE_FAMILY = "1,2";
			};
			name = Release;
		};
/* End XCBuildConfiguration section */

/* Begin XCConfigurationList section */
		6FED8B1C2068F75D00BE3D29 /* Build configuration list for PBXProject "seqayaPoc" */ = {
			isa = XCConfigurationList;
			buildConfigurations = (
				6FED8B312068F75D00BE3D29 /* Debug */,
				6FED8B322068F75D00BE3D29 /* Release */,
			);
			defaultConfigurationIsVisible = 0;
			defaultConfigurationName = Release;
		};
		6FED8B332068F75D00BE3D29 /* Build configuration list for PBXNativeTarget "seqayaPoc" */ = {
			isa = XCConfigurationList;
			buildConfigurations = (
				6FED8B342068F75D00BE3D29 /* Debug */,
				6FED8B352068F75D00BE3D29 /* Release */,
			);
			defaultConfigurationIsVisible = 0;
			defaultConfigurationName = Release;
		};
/* End XCConfigurationList section */
	};
	rootObject = 6FED8B192068F75D00BE3D29 /* Project object */;
}
