// !$*UTF8*$!
{
	archiveVersion = 1;
	classes = {
	};
	objectVersion = 48;
	objects = {

/* Begin PBXBuildFile section */
		6A710751207D1175003F94B1 /* RegisterationPresenterProtocol.swift in Sources */ = {isa = PBXBuildFile; fileRef = 6A710750207D1175003F94B1 /* RegisterationPresenterProtocol.swift */; };
		6ADF70A320751EEB00EDBC31 /* User.swift in Sources */ = {isa = PBXBuildFile; fileRef = 6ADF70A220751EEB00EDBC31 /* User.swift */; };
		6ADF70A52075201000EDBC31 /* RegisterUserRepository.swift in Sources */ = {isa = PBXBuildFile; fileRef = 6ADF70A42075201000EDBC31 /* RegisterUserRepository.swift */; };
		6ADF70A72075212300EDBC31 /* PostUserUseCase.swift in Sources */ = {isa = PBXBuildFile; fileRef = 6ADF70A62075212300EDBC31 /* PostUserUseCase.swift */; };
		6ADF70A92075213D00EDBC31 /* PostUserUseCaseProtocol.swift in Sources */ = {isa = PBXBuildFile; fileRef = 6ADF70A82075213D00EDBC31 /* PostUserUseCaseProtocol.swift */; };
		6ADF70AB2075242100EDBC31 /* CreateUser.swift in Sources */ = {isa = PBXBuildFile; fileRef = 6ADF70AA2075242100EDBC31 /* CreateUser.swift */; };
		6ADF70AF2075279700EDBC31 /* RegisterationPresenter.swift in Sources */ = {isa = PBXBuildFile; fileRef = 6ADF70AE2075279700EDBC31 /* RegisterationPresenter.swift */; };
		6ADF70B220753F0300EDBC31 /* RegisterViewControllerProtocol.swift in Sources */ = {isa = PBXBuildFile; fileRef = 6ADF70B120753F0300EDBC31 /* RegisterViewControllerProtocol.swift */; };
		EC32AA88206BD329001F427B /* RegisterViewController.swift in Sources */ = {isa = PBXBuildFile; fileRef = 6A9AFADD20691EB000191713 /* RegisterViewController.swift */; };
		EC32AA89206BDB02001F427B /* Register.storyboard in Resources */ = {isa = PBXBuildFile; fileRef = 6A9AFADF2069261E00191713 /* Register.storyboard */; };
/* End PBXBuildFile section */

/* Begin PBXFileReference section */
		6A710750207D1175003F94B1 /* RegisterationPresenterProtocol.swift */ = {isa = PBXFileReference; lastKnownFileType = sourcecode.swift; path = RegisterationPresenterProtocol.swift; sourceTree = "<group>"; };
		6A9AFADD20691EB000191713 /* RegisterViewController.swift */ = {isa = PBXFileReference; lastKnownFileType = sourcecode.swift; path = RegisterViewController.swift; sourceTree = "<group>"; };
		6A9AFADF2069261E00191713 /* Register.storyboard */ = {isa = PBXFileReference; lastKnownFileType = file.storyboard; path = Register.storyboard; sourceTree = "<group>"; };
		6ADF70A220751EEB00EDBC31 /* User.swift */ = {isa = PBXFileReference; lastKnownFileType = sourcecode.swift; path = User.swift; sourceTree = "<group>"; };
		6ADF70A42075201000EDBC31 /* RegisterUserRepository.swift */ = {isa = PBXFileReference; lastKnownFileType = sourcecode.swift; path = RegisterUserRepository.swift; sourceTree = "<group>"; };
		6ADF70A62075212300EDBC31 /* PostUserUseCase.swift */ = {isa = PBXFileReference; lastKnownFileType = sourcecode.swift; path = PostUserUseCase.swift; sourceTree = "<group>"; };
		6ADF70A82075213D00EDBC31 /* PostUserUseCaseProtocol.swift */ = {isa = PBXFileReference; lastKnownFileType = sourcecode.swift; path = PostUserUseCaseProtocol.swift; sourceTree = "<group>"; };
		6ADF70AA2075242100EDBC31 /* CreateUser.swift */ = {isa = PBXFileReference; lastKnownFileType = sourcecode.swift; path = CreateUser.swift; sourceTree = "<group>"; };
		6ADF70AE2075279700EDBC31 /* RegisterationPresenter.swift */ = {isa = PBXFileReference; lastKnownFileType = sourcecode.swift; path = RegisterationPresenter.swift; sourceTree = "<group>"; };
		6ADF70B120753F0300EDBC31 /* RegisterViewControllerProtocol.swift */ = {isa = PBXFileReference; lastKnownFileType = sourcecode.swift; path = RegisterViewControllerProtocol.swift; sourceTree = "<group>"; };
		6FED8B212068F75D00BE3D29 /* seqayaPoc.app */ = {isa = PBXFileReference; explicitFileType = wrapper.application; includeInIndex = 0; name = seqayaPoc.app; path = "/Users/ntg-apple12/Desktop/seqaya-ios copy/build/Debug-iphoneos/seqayaPoc.app"; sourceTree = "<absolute>"; };
/* End PBXFileReference section */

/* Begin PBXFrameworksBuildPhase section */
		6FED8B1E2068F75D00BE3D29 /* Frameworks */ = {
			isa = PBXFrameworksBuildPhase;
			buildActionMask = 2147483647;
			files = (
			);
			runOnlyForDeploymentPostprocessing = 0;
		};
/* End PBXFrameworksBuildPhase section */

/* Begin PBXGroup section */
		6A1C9BF8207D0D70006930F6 /* Register Screen Presentation */ = {
			isa = PBXGroup;
			children = (
				6ADF70AD2075276200EDBC31 /* ViewController */,
				6ADF70AC2075272900EDBC31 /* RegisterationPresenter */,
				6ADF70B0207527BF00EDBC31 /* UI */,
			);
			path = "Register Screen Presentation";
			sourceTree = "<group>";
		};
		6A1C9BF9207D0EB7006930F6 /* DATA */ = {
			isa = PBXGroup;
			children = (
				6ADF709B20751E2800EDBC31 /* Register Screen Data */,
			);
			path = DATA;
			sourceTree = "<group>";
		};
		6A1C9BFA207D0EC9006930F6 /* DOMAIN */ = {
			isa = PBXGroup;
			children = (
				6ADF70A120751ED300EDBC31 /*  Register Screen Domain */,
			);
			path = DOMAIN;
			sourceTree = "<group>";
		};
		6A1C9BFB207D0ED1006930F6 /* PRESENTATION */ = {
			isa = PBXGroup;
			children = (
				6A1C9BF8207D0D70006930F6 /* Register Screen Presentation */,
			);
			path = PRESENTATION;
			sourceTree = "<group>";
		};
		6ADF709B20751E2800EDBC31 /* Register Screen Data */ = {
			isa = PBXGroup;
			children = (
				6ADF70AA2075242100EDBC31 /* CreateUser.swift */,
			);
			path = "Register Screen Data";
			sourceTree = "<group>";
		};
		6ADF709C20751E3600EDBC31 /* Repository */ = {
			isa = PBXGroup;
			children = (
				6ADF70A42075201000EDBC31 /* RegisterUserRepository.swift */,
			);
			path = Repository;
			sourceTree = "<group>";
		};
		6ADF709F20751E6E00EDBC31 /* Entity */ = {
			isa = PBXGroup;
			children = (
				6ADF70A220751EEB00EDBC31 /* User.swift */,
			);
			path = Entity;
			sourceTree = "<group>";
		};
		6ADF70A020751E8900EDBC31 /* UseCases */ = {
			isa = PBXGroup;
			children = (
				6ADF70A62075212300EDBC31 /* PostUserUseCase.swift */,
				6ADF70A82075213D00EDBC31 /* PostUserUseCaseProtocol.swift */,
			);
			path = UseCases;
			sourceTree = "<group>";
		};
		6ADF70A120751ED300EDBC31 /*  Register Screen Domain */ = {
			isa = PBXGroup;
			children = (
				6ADF709F20751E6E00EDBC31 /* Entity */,
				6ADF70A020751E8900EDBC31 /* UseCases */,
				6ADF709C20751E3600EDBC31 /* Repository */,
			);
			path = " Register Screen Domain";
			sourceTree = "<group>";
		};
		6ADF70AC2075272900EDBC31 /* RegisterationPresenter */ = {
			isa = PBXGroup;
			children = (
				6A710750207D1175003F94B1 /* RegisterationPresenterProtocol.swift */,
				6ADF70AE2075279700EDBC31 /* RegisterationPresenter.swift */,
			);
			path = RegisterationPresenter;
			sourceTree = "<group>";
		};
		6ADF70AD2075276200EDBC31 /* ViewController */ = {
			isa = PBXGroup;
			children = (
				6ADF70B120753F0300EDBC31 /* RegisterViewControllerProtocol.swift */,
				6A9AFADD20691EB000191713 /* RegisterViewController.swift */,
			);
			path = ViewController;
			sourceTree = "<group>";
		};
		6ADF70B0207527BF00EDBC31 /* UI */ = {
			isa = PBXGroup;
			children = (
				6A9AFADF2069261E00191713 /* Register.storyboard */,
			);
			path = UI;
			sourceTree = "<group>";
		};
		6FED8B182068F75D00BE3D29 = {
			isa = PBXGroup;
			children = (
				6A1C9BFB207D0ED1006930F6 /* PRESENTATION */,
				6A1C9BFA207D0EC9006930F6 /* DOMAIN */,
				6A1C9BF9207D0EB7006930F6 /* DATA */,
			);
			sourceTree = "<group>";
		};
/* End PBXGroup section */

/* Begin PBXNativeTarget section */
		6FED8B202068F75D00BE3D29 /* seqayaPoc */ = {
			isa = PBXNativeTarget;
			buildConfigurationList = 6FED8B332068F75D00BE3D29 /* Build configuration list for PBXNativeTarget "seqayaPoc" */;
			buildPhases = (
				4CD4D7DCB04A4CE6DEF24CBA /* [CP] Check Pods Manifest.lock */,
				6FED8B1D2068F75D00BE3D29 /* Sources */,
				6FED8B1E2068F75D00BE3D29 /* Frameworks */,
				6FED8B1F2068F75D00BE3D29 /* Resources */,
				903418CC8267C68581962900 /* [CP] Embed Pods Frameworks */,
				C31F45D7FB02FD7F21D45A34 /* [CP] Copy Pods Resources */,
			);
			buildRules = (
			);
			dependencies = (
			);
			name = seqayaPoc;
			productName = seqayaPoc;
			productReference = 6FED8B212068F75D00BE3D29 /* seqayaPoc.app */;
			productType = "com.apple.product-type.application";
		};
/* End PBXNativeTarget section */

/* Begin PBXProject section */
		6FED8B192068F75D00BE3D29 /* Project object */ = {
			isa = PBXProject;
			attributes = {
				LastSwiftUpdateCheck = 0910;
				LastUpgradeCheck = 0910;
				ORGANIZATIONNAME = "Mariam Elsayed Ismail";
				TargetAttributes = {
					6FED8B202068F75D00BE3D29 = {
						CreatedOnToolsVersion = 9.1;
						ProvisioningStyle = Automatic;
					};
				};
			};
			buildConfigurationList = 6FED8B1C2068F75D00BE3D29 /* Build configuration list for PBXProject "seqayaPoc" */;
			compatibilityVersion = "Xcode 8.0";
			developmentRegion = en;
			hasScannedForEncodings = 0;
			knownRegions = (
				en,
				Base,
			);
			mainGroup = 6FED8B182068F75D00BE3D29;
			productRefGroup = 6FED8B182068F75D00BE3D29;
			projectDirPath = "";
			projectRoot = "";
			targets = (
				6FED8B202068F75D00BE3D29 /* seqayaPoc */,
			);
		};
/* End PBXProject section */

/* Begin PBXResourcesBuildPhase section */
		6FED8B1F2068F75D00BE3D29 /* Resources */ = {
			isa = PBXResourcesBuildPhase;
			buildActionMask = 2147483647;
			files = (
				EC32AA89206BDB02001F427B /* Register.storyboard in Resources */,
			);
			runOnlyForDeploymentPostprocessing = 0;
		};
/* End PBXResourcesBuildPhase section */

/* Begin PBXShellScriptBuildPhase section */
		4CD4D7DCB04A4CE6DEF24CBA /* [CP] Check Pods Manifest.lock */ = {
			isa = PBXShellScriptBuildPhase;
			buildActionMask = 2147483647;
			files = (
			);
			inputPaths = (
				"${PODS_PODFILE_DIR_PATH}/Podfile.lock",
				"${PODS_ROOT}/Manifest.lock",
			);
			name = "[CP] Check Pods Manifest.lock";
			outputPaths = (
				"$(DERIVED_FILE_DIR)/Pods-seqayaPoc-checkManifestLockResult.txt",
			);
			runOnlyForDeploymentPostprocessing = 0;
			shellPath = /bin/sh;
			shellScript = "diff \"${PODS_PODFILE_DIR_PATH}/Podfile.lock\" \"${PODS_ROOT}/Manifest.lock\" > /dev/null\nif [ $? != 0 ] ; then\n    # print error to STDERR\n    echo \"error: The sandbox is not in sync with the Podfile.lock. Run 'pod install' or update your CocoaPods installation.\" >&2\n    exit 1\nfi\n# This output is used by Xcode 'outputs' to avoid re-running this script phase.\necho \"SUCCESS\" > \"${SCRIPT_OUTPUT_FILE_0}\"\n";
			showEnvVarsInLog = 0;
		};
		903418CC8267C68581962900 /* [CP] Embed Pods Frameworks */ = {
			isa = PBXShellScriptBuildPhase;
			buildActionMask = 2147483647;
			files = (
			);
			inputPaths = (
				"${SRCROOT}/Pods/Target Support Files/Pods-seqayaPoc/Pods-seqayaPoc-frameworks.sh",
				"${BUILT_PRODUCTS_DIR}/Alamofire/Alamofire.framework",
				"${BUILT_PRODUCTS_DIR}/MBProgressHUD/MBProgressHUD.framework",
				"${BUILT_PRODUCTS_DIR}/RxCocoa/RxCocoa.framework",
				"${BUILT_PRODUCTS_DIR}/RxSwift/RxSwift.framework",
				"${BUILT_PRODUCTS_DIR}/lottie-ios/Lottie.framework",
			);
			name = "[CP] Embed Pods Frameworks";
			outputPaths = (
				"${TARGET_BUILD_DIR}/${FRAMEWORKS_FOLDER_PATH}/Alamofire.framework",
				"${TARGET_BUILD_DIR}/${FRAMEWORKS_FOLDER_PATH}/MBProgressHUD.framework",
				"${TARGET_BUILD_DIR}/${FRAMEWORKS_FOLDER_PATH}/RxCocoa.framework",
				"${TARGET_BUILD_DIR}/${FRAMEWORKS_FOLDER_PATH}/RxSwift.framework",
				"${TARGET_BUILD_DIR}/${FRAMEWORKS_FOLDER_PATH}/Lottie.framework",
			);
			runOnlyForDeploymentPostprocessing = 0;
			shellPath = /bin/sh;
			shellScript = "\"${SRCROOT}/Pods/Target Support Files/Pods-seqayaPoc/Pods-seqayaPoc-frameworks.sh\"\n";
			showEnvVarsInLog = 0;
		};
		C31F45D7FB02FD7F21D45A34 /* [CP] Copy Pods Resources */ = {
			isa = PBXShellScriptBuildPhase;
			buildActionMask = 2147483647;
			files = (
			);
			inputPaths = (
			);
			name = "[CP] Copy Pods Resources";
			outputPaths = (
			);
			runOnlyForDeploymentPostprocessing = 0;
			shellPath = /bin/sh;
			shellScript = "\"${SRCROOT}/Pods/Target Support Files/Pods-seqayaPoc/Pods-seqayaPoc-resources.sh\"\n";
			showEnvVarsInLog = 0;
		};
/* End PBXShellScriptBuildPhase section */

/* Begin PBXSourcesBuildPhase section */
		6FED8B1D2068F75D00BE3D29 /* Sources */ = {
			isa = PBXSourcesBuildPhase;
			buildActionMask = 2147483647;
			files = (
				6ADF70A92075213D00EDBC31 /* PostUserUseCaseProtocol.swift in Sources */,
				EC32AA88206BD329001F427B /* RegisterViewController.swift in Sources */,
				6ADF70A320751EEB00EDBC31 /* User.swift in Sources */,
				6ADF70A52075201000EDBC31 /* RegisterUserRepository.swift in Sources */,
				6ADF70A72075212300EDBC31 /* PostUserUseCase.swift in Sources */,
				6ADF70AF2075279700EDBC31 /* RegisterationPresenter.swift in Sources */,
				6ADF70AB2075242100EDBC31 /* CreateUser.swift in Sources */,
				6A710751207D1175003F94B1 /* RegisterationPresenterProtocol.swift in Sources */,
				6ADF70B220753F0300EDBC31 /* RegisterViewControllerProtocol.swift in Sources */,
			);
			runOnlyForDeploymentPostprocessing = 0;
		};
/* End PBXSourcesBuildPhase section */

/* Begin XCBuildConfiguration section */
		6FED8B312068F75D00BE3D29 /* Debug */ = {
			isa = XCBuildConfiguration;
			buildSettings = {
				ALWAYS_SEARCH_USER_PATHS = NO;
				CLANG_ANALYZER_NONNULL = YES;
				CLANG_ANALYZER_NUMBER_OBJECT_CONVERSION = YES_AGGRESSIVE;
				CLANG_CXX_LANGUAGE_STANDARD = "gnu++14";
				CLANG_CXX_LIBRARY = "libc++";
				CLANG_ENABLE_MODULES = YES;
				CLANG_ENABLE_OBJC_ARC = YES;
				CLANG_WARN_BLOCK_CAPTURE_AUTORELEASING = YES;
				CLANG_WARN_BOOL_CONVERSION = YES;
				CLANG_WARN_COMMA = YES;
				CLANG_WARN_CONSTANT_CONVERSION = YES;
				CLANG_WARN_DIRECT_OBJC_ISA_USAGE = YES_ERROR;
				CLANG_WARN_DOCUMENTATION_COMMENTS = YES;
				CLANG_WARN_EMPTY_BODY = YES;
				CLANG_WARN_ENUM_CONVERSION = YES;
				CLANG_WARN_INFINITE_RECURSION = YES;
				CLANG_WARN_INT_CONVERSION = YES;
				CLANG_WARN_NON_LITERAL_NULL_CONVERSION = YES;
				CLANG_WARN_OBJC_LITERAL_CONVERSION = YES;
				CLANG_WARN_OBJC_ROOT_CLASS = YES_ERROR;
				CLANG_WARN_RANGE_LOOP_ANALYSIS = YES;
				CLANG_WARN_STRICT_PROTOTYPES = YES;
				CLANG_WARN_SUSPICIOUS_MOVE = YES;
				CLANG_WARN_UNGUARDED_AVAILABILITY = YES_AGGRESSIVE;
				CLANG_WARN_UNREACHABLE_CODE = YES;
				CLANG_WARN__DUPLICATE_METHOD_MATCH = YES;
				CODE_SIGN_IDENTITY = "iPhone Developer";
				COPY_PHASE_STRIP = NO;
				DEBUG_INFORMATION_FORMAT = dwarf;
				ENABLE_STRICT_OBJC_MSGSEND = YES;
				ENABLE_TESTABILITY = YES;
				GCC_C_LANGUAGE_STANDARD = gnu11;
				GCC_DYNAMIC_NO_PIC = NO;
				GCC_NO_COMMON_BLOCKS = YES;
				GCC_OPTIMIZATION_LEVEL = 0;
				GCC_PREPROCESSOR_DEFINITIONS = (
					"DEBUG=1",
					"$(inherited)",
				);
				GCC_WARN_64_TO_32_BIT_CONVERSION = YES;
				GCC_WARN_ABOUT_RETURN_TYPE = YES_ERROR;
				GCC_WARN_UNDECLARED_SELECTOR = YES;
				GCC_WARN_UNINITIALIZED_AUTOS = YES_AGGRESSIVE;
				GCC_WARN_UNUSED_FUNCTION = YES;
				GCC_WARN_UNUSED_VARIABLE = YES;
				IPHONEOS_DEPLOYMENT_TARGET = 11.1;
				MTL_ENABLE_DEBUG_INFO = YES;
				ONLY_ACTIVE_ARCH = YES;
				SDKROOT = iphoneos;
				SWIFT_ACTIVE_COMPILATION_CONDITIONS = DEBUG;
				SWIFT_OPTIMIZATION_LEVEL = "-Onone";
			};
			name = Debug;
		};
		6FED8B322068F75D00BE3D29 /* Release */ = {
			isa = XCBuildConfiguration;
			buildSettings = {
				ALWAYS_SEARCH_USER_PATHS = NO;
				CLANG_ANALYZER_NONNULL = YES;
				CLANG_ANALYZER_NUMBER_OBJECT_CONVERSION = YES_AGGRESSIVE;
				CLANG_CXX_LANGUAGE_STANDARD = "gnu++14";
				CLANG_CXX_LIBRARY = "libc++";
				CLANG_ENABLE_MODULES = YES;
				CLANG_ENABLE_OBJC_ARC = YES;
				CLANG_WARN_BLOCK_CAPTURE_AUTORELEASING = YES;
				CLANG_WARN_BOOL_CONVERSION = YES;
				CLANG_WARN_COMMA = YES;
				CLANG_WARN_CONSTANT_CONVERSION = YES;
				CLANG_WARN_DIRECT_OBJC_ISA_USAGE = YES_ERROR;
				CLANG_WARN_DOCUMENTATION_COMMENTS = YES;
				CLANG_WARN_EMPTY_BODY = YES;
				CLANG_WARN_ENUM_CONVERSION = YES;
				CLANG_WARN_INFINITE_RECURSION = YES;
				CLANG_WARN_INT_CONVERSION = YES;
				CLANG_WARN_NON_LITERAL_NULL_CONVERSION = YES;
				CLANG_WARN_OBJC_LITERAL_CONVERSION = YES;
				CLANG_WARN_OBJC_ROOT_CLASS = YES_ERROR;
				CLANG_WARN_RANGE_LOOP_ANALYSIS = YES;
				CLANG_WARN_STRICT_PROTOTYPES = YES;
				CLANG_WARN_SUSPICIOUS_MOVE = YES;
				CLANG_WARN_UNGUARDED_AVAILABILITY = YES_AGGRESSIVE;
				CLANG_WARN_UNREACHABLE_CODE = YES;
				CLANG_WARN__DUPLICATE_METHOD_MATCH = YES;
				CODE_SIGN_IDENTITY = "iPhone Developer";
				COPY_PHASE_STRIP = NO;
				DEBUG_INFORMATION_FORMAT = "dwarf-with-dsym";
				ENABLE_NS_ASSERTIONS = NO;
				ENABLE_STRICT_OBJC_MSGSEND = YES;
				GCC_C_LANGUAGE_STANDARD = gnu11;
				GCC_NO_COMMON_BLOCKS = YES;
				GCC_WARN_64_TO_32_BIT_CONVERSION = YES;
				GCC_WARN_ABOUT_RETURN_TYPE = YES_ERROR;
				GCC_WARN_UNDECLARED_SELECTOR = YES;
				GCC_WARN_UNINITIALIZED_AUTOS = YES_AGGRESSIVE;
				GCC_WARN_UNUSED_FUNCTION = YES;
				GCC_WARN_UNUSED_VARIABLE = YES;
				IPHONEOS_DEPLOYMENT_TARGET = 11.1;
				MTL_ENABLE_DEBUG_INFO = NO;
				SDKROOT = iphoneos;
				SWIFT_OPTIMIZATION_LEVEL = "-Owholemodule";
				VALIDATE_PRODUCT = YES;
			};
			name = Release;
		};
		6FED8B342068F75D00BE3D29 /* Debug */ = {
			isa = XCBuildConfiguration;
			buildSettings = {
				ASSETCATALOG_COMPILER_APPICON_NAME = AppIcon;
				CODE_SIGN_STYLE = Automatic;
				DEVELOPMENT_TEAM = NLLVM8V6FP;
				INFOPLIST_FILE = seqayaPoc/Info.plist;
				IPHONEOS_DEPLOYMENT_TARGET = 10.3;
				LD_RUNPATH_SEARCH_PATHS = "$(inherited) @executable_path/Frameworks";
				PRODUCT_BUNDLE_IDENTIFIER = ntg.seqayaPoc;
				PRODUCT_NAME = "$(TARGET_NAME)";
				SWIFT_VERSION = 4.0;
				TARGETED_DEVICE_FAMILY = "1,2";
			};
			name = Debug;
		};
		6FED8B352068F75D00BE3D29 /* Release */ = {
			isa = XCBuildConfiguration;
			buildSettings = {
				ASSETCATALOG_COMPILER_APPICON_NAME = AppIcon;
				CODE_SIGN_STYLE = Automatic;
				DEVELOPMENT_TEAM = NLLVM8V6FP;
				INFOPLIST_FILE = seqayaPoc/Info.plist;
				IPHONEOS_DEPLOYMENT_TARGET = 10.3;
				LD_RUNPATH_SEARCH_PATHS = "$(inherited) @executable_path/Frameworks";
				PRODUCT_BUNDLE_IDENTIFIER = ntg.seqayaPoc;
				PRODUCT_NAME = "$(TARGET_NAME)";
				SWIFT_VERSION = 4.0;
				TARGETED_DEVICE_FAMILY = "1,2";
			};
			name = Release;
		};
/* End XCBuildConfiguration section */

/* Begin XCConfigurationList section */
		6FED8B1C2068F75D00BE3D29 /* Build configuration list for PBXProject "seqayaPoc" */ = {
			isa = XCConfigurationList;
			buildConfigurations = (
				6FED8B312068F75D00BE3D29 /* Debug */,
				6FED8B322068F75D00BE3D29 /* Release */,
			);
			defaultConfigurationIsVisible = 0;
			defaultConfigurationName = Release;
		};
		6FED8B332068F75D00BE3D29 /* Build configuration list for PBXNativeTarget "seqayaPoc" */ = {
			isa = XCConfigurationList;
			buildConfigurations = (
				6FED8B342068F75D00BE3D29 /* Debug */,
				6FED8B352068F75D00BE3D29 /* Release */,
			);
			defaultConfigurationIsVisible = 0;
			defaultConfigurationName = Release;
		};
/* End XCConfigurationList section */
	};
	rootObject = 6FED8B192068F75D00BE3D29 /* Project object */;
}
